PODS:
  - 1PasswordExtension (1.8)
  - ActionSheetPicker-3.0 (2.0.5)
  - AFNetworking (2.6.3):
    - AFNetworking/NSURLConnection (= 2.6.3)
    - AFNetworking/NSURLSession (= 2.6.3)
    - AFNetworking/Reachability (= 2.6.3)
    - AFNetworking/Security (= 2.6.3)
    - AFNetworking/Serialization (= 2.6.3)
    - AFNetworking/UIKit (= 2.6.3)
  - AFNetworking/NSURLConnection (2.6.3):
    - AFNetworking/Reachability
    - AFNetworking/Security
    - AFNetworking/Serialization
  - AFNetworking/NSURLSession (2.6.3):
    - AFNetworking/Reachability
    - AFNetworking/Security
    - AFNetworking/Serialization
  - AFNetworking/Reachability (2.6.3)
  - AFNetworking/Security (2.6.3)
  - AFNetworking/Serialization (2.6.3)
  - AFNetworking/UIKit (2.6.3):
    - AFNetworking/NSURLConnection
    - AFNetworking/NSURLSession
  - Base64nl (1.2)
  - CCHMapClusterController (1.7.0)
  - CHTCollectionViewWaterfallLayout (0.9.4):
    - CHTCollectionViewWaterfallLayout/ObjC (= 0.9.4)
  - CHTCollectionViewWaterfallLayout/ObjC (0.9.4)
  - Crashlytics (3.7.0):
    - Fabric (~> 1.6.3)
  - DACircularProgress (2.3.1)
  - EAIntroView (2.8.2):
    - EARestrictedScrollView (~> 0.2.0)
  - EARestrictedScrollView (0.2.0)
  - Fabric (1.6.7)
  - FCUUID (1.2.0):
    - UICKeyChainStore (~> 2.1.0)
  - FlagKit (1.0.7)
  - IDMPhotoBrowser (1.8.3):
    - DACircularProgress
    - pop
    - SDWebImage
  - iOS-WechatSDK (1.6.1)
  - LXMThirdLoginManager (1.1.0)
  - MagicalRecord (2.3.2):
    - MagicalRecord/Core (= 2.3.2)
  - MagicalRecord/Core (2.3.2)
  - MBProgressHUD (0.9.2)
  - MJRefresh (3.1.0)
  - MXParallaxHeader (0.5.0)
  - NYSegmentedControl (1.0.7)
  - PageMenu (1.2.9)
  - PFCarouselView (0.7.0)
  - pop (1.0.9)
  - SCLAlertView (0.5.1)
  - SDWebImage (3.7.5):
    - SDWebImage/Core (= 3.7.5)
  - SDWebImage/Core (3.7.5)
  - SMCalloutView (2.1.5)
  - SVWebViewController (1.0)
  - UICKeyChainStore (2.1.0)
  - UIColor_Hex_Swift (2.1)
  - UIImage-ResizeMagick (0.0.1)
  - UIView+Shake (1.1.5)
  - WTStatusBar (0.0.5)
  - ZoomInteractiveTransition (0.4.0)

DEPENDENCIES:
  - 1PasswordExtension
  - ActionSheetPicker-3.0
  - AFNetworking (~> 2)
  - Base64nl
  - CCHMapClusterController
  - CHTCollectionViewWaterfallLayout
  - Crashlytics
  - EAIntroView
  - Fabric
  - FCUUID
  - FlagKit (from `git://github.com/basvankuijck/FlagKit`, commit `990e966221a956897a76b3fa34d24c5b626f0e2a`)
  - IDMPhotoBrowser
  - iOS-WechatSDK
  - LXMThirdLoginManager (from `git://github.com/CocoaBob/LXMThirdLoginManager`, commit
    `789b4fdafa3ec61569d84a171ee13a96965e2fa5`)
  - MagicalRecord (~> 2.3)
  - MBProgressHUD
  - MJRefresh
  - MXParallaxHeader
  - NYSegmentedControl
  - PageMenu
  - PFCarouselView (from `git://github.com/CocoaBob/PFCarouselView`, commit `880826c7f361c3065ca23a4696a4d19d7e1da6d3`)
  - SCLAlertView
  - SDWebImage
  - SMCalloutView (from `git://github.com/CocoaBob/calloutview`, commit `bad0864b06019d764519dab9a53409de889c87fc`)
  - SVWebViewController
  - UICKeyChainStore
  - UIColor_Hex_Swift
  - UIImage-ResizeMagick
  - UIView+Shake
  - WTStatusBar
  - ZoomInteractiveTransition

EXTERNAL SOURCES:
  FlagKit:
    :commit: 990e966221a956897a76b3fa34d24c5b626f0e2a
    :git: git://github.com/basvankuijck/FlagKit
  LXMThirdLoginManager:
    :commit: 789b4fdafa3ec61569d84a171ee13a96965e2fa5
    :git: git://github.com/CocoaBob/LXMThirdLoginManager
  PFCarouselView:
    :commit: 880826c7f361c3065ca23a4696a4d19d7e1da6d3
    :git: git://github.com/CocoaBob/PFCarouselView
  SMCalloutView:
    :commit: bad0864b06019d764519dab9a53409de889c87fc
    :git: git://github.com/CocoaBob/calloutview

CHECKOUT OPTIONS:
  FlagKit:
    :commit: 990e966221a956897a76b3fa34d24c5b626f0e2a
    :git: git://github.com/basvankuijck/FlagKit
  LXMThirdLoginManager:
    :commit: 789b4fdafa3ec61569d84a171ee13a96965e2fa5
    :git: git://github.com/CocoaBob/LXMThirdLoginManager
  PFCarouselView:
    :commit: 880826c7f361c3065ca23a4696a4d19d7e1da6d3
    :git: git://github.com/CocoaBob/PFCarouselView
  SMCalloutView:
    :commit: bad0864b06019d764519dab9a53409de889c87fc
    :git: git://github.com/CocoaBob/calloutview

SPEC CHECKSUMS:
  1PasswordExtension: 627d5aecf210c7636968faf5a4c3546c9531385b
  ActionSheetPicker-3.0: 8312778b6815578e6a86d630fbcf31dc94c534e7
  AFNetworking: cb8d14a848e831097108418f5d49217339d4eb60
  Base64nl: a497bdcd1c01ea793d36b399016195a8713c0e95
  CCHMapClusterController: d8cd12cd5682ec6cd76d911ac7198f981b6cc1b8
  CHTCollectionViewWaterfallLayout: db74be9135826d285f45ff163fd090e57c99fc50
  Crashlytics: c3a2333dea9e2733d2777f730910321fc9e25c0d
  DACircularProgress: 4dd437c0fc3da5161cb289e07ac449493d41db71
  EAIntroView: c45c4cd533cb760800a165115bc3d1fcaff3d5bb
  EARestrictedScrollView: f86d61e16c61d3e93c84f8e96e83122a2a3b7631
  Fabric: caf7580c725e64db144f610ac65cd60956911dc7
  FCUUID: 9bfe031d35b7c221a7c66156a0af45d4eb49c3b6
  FlagKit: ede020f33c7bc105ab52bf189b4e5b5d46c94a4c
  IDMPhotoBrowser: a9a548910f24a6db53775fa6b6a6101262b20d63
  iOS-WechatSDK: bd8d0ad5ff5635ded9ab08a8cf09a53569931fde
  LXMThirdLoginManager: b69faf838a8e3d42b69f81c417edeb6d07b3008b
  MagicalRecord: 53bed74b4323b930992a725be713e53b37d19755
  MBProgressHUD: 1569cf7ace17a8bac47aabfbb8580a49690386d1
  MJRefresh: 743e6404967d1c2c688472ea3ecfde247d872db4
  MXParallaxHeader: c7dfdf8d769a8eb868a431ec3aeaf994a147b8bc
  NYSegmentedControl: 55b4f9eb652767cae9799623ec3e49e50029ef47
  PageMenu: ba19ff267f7a19e444e93c20a7847b78954a7011
  PFCarouselView: 02a625cf8815ea5cbd539ffd0b503f362de72ddc
  pop: f667631a5108a2e60d9e8797c9b32ddaf2080bce
  SCLAlertView: 3ac39a863d3e10fc165662b1228b03402297aea9
  SDWebImage: 69c6303e3348fba97e03f65d65d4fbc26740f461
  SMCalloutView: 5c0ee363dc8e7204b2fda17dfad38c93e9e23481
  SVWebViewController: c36dda7326e81fcae0abf5d02bf7bbf7e41be901
  UICKeyChainStore: f1cbd42216a113f0165de1e733e62905b8823432
  UIColor_Hex_Swift: e91dc51f6bf252ec7bf74c8704ceedeeb7640c1c
  UIImage-ResizeMagick: f08c2d14d1e8a5f0b402185408785540562f2fe7
  UIView+Shake: 2d2185006d38ee5daed07f14c0989f703f86682f
  WTStatusBar: 2803d0d84937a1ec82fbe17ae7a2d1b76b192396
  ZoomInteractiveTransition: faa0fa864d7409d325b6fac4eab1570febcd351f

COCOAPODS: 0.39.0
