// !$*UTF8*$!
{
	archiveVersion = 1;
	classes = {
	};
	objectVersion = 46;
	objects = {

/* Begin PBXBuildFile section */
		0D1DF07B1C1DCA8800574D98 /* CoreTelephony.framework in Frameworks */ = {isa = PBXBuildFile; fileRef = 0D1DF07A1C1DCA8800574D98 /* CoreTelephony.framework */; };
		0D1DF07F1C1DCF3C00574D98 /* SystemConfiguration.framework in Frameworks */ = {isa = PBXBuildFile; fileRef = 0D1DF07E1C1DCF3C00574D98 /* SystemConfiguration.framework */; };
		0D1DF0811C1DCF4800574D98 /* libz.tbd in Frameworks */ = {isa = PBXBuildFile; fileRef = 0D1DF0801C1DCF4800574D98 /* libz.tbd */; };
		0D1DF0831C1DCF5600574D98 /* libsqlite3.0.tbd in Frameworks */ = {isa = PBXBuildFile; fileRef = 0D1DF0821C1DCF5600574D98 /* libsqlite3.0.tbd */; };
		0D1DF0851C1DCF6900574D98 /* libc++.tbd in Frameworks */ = {isa = PBXBuildFile; fileRef = 0D1DF0841C1DCF6900574D98 /* libc++.tbd */; };
		0D1DF0891C1DD18F00574D98 /* WeChatActivityGeneral.swift in Sources */ = {isa = PBXBuildFile; fileRef = 0D1DF0881C1DD18F00574D98 /* WeChatActivityGeneral.swift */; };
		0D1DF08B1C1DD21600574D98 /* WeChatMomentsActivity.swift in Sources */ = {isa = PBXBuildFile; fileRef = 0D1DF08A1C1DD21600574D98 /* WeChatMomentsActivity.swift */; };
		0D1DF08D1C1DD27100574D98 /* WeChatSessionActivity.swift in Sources */ = {isa = PBXBuildFile; fileRef = 0D1DF08C1C1DD27100574D98 /* WeChatSessionActivity.swift */; };
		0D7675B71C25BB740090385C /* SharingProvider.swift in Sources */ = {isa = PBXBuildFile; fileRef = 0D7675B61C25BB740090385C /* SharingProvider.swift */; };
		45016E571C14EC25004034BC /* Product+CoreDataProperties.swift in Sources */ = {isa = PBXBuildFile; fileRef = 45016E551C14EC25004034BC /* Product+CoreDataProperties.swift */; };
		45016E581C14EC25004034BC /* Product.swift in Sources */ = {isa = PBXBuildFile; fileRef = 45016E561C14EC25004034BC /* Product.swift */; };
		45016E5A1C14F043004034BC /* BaseModel.swift in Sources */ = {isa = PBXBuildFile; fileRef = 45016E591C14F043004034BC /* BaseModel.swift */; };
		4506ED711C221797003B5018 /* LoginViewController.swift in Sources */ = {isa = PBXBuildFile; fileRef = 4506ED701C221797003B5018 /* LoginViewController.swift */; };
		4514066C1C198E2D00872AAD /* TableViewCells.swift in Sources */ = {isa = PBXBuildFile; fileRef = 4514066B1C198E2D00872AAD /* TableViewCells.swift */; };
		45243C691C17A514005D476D /* UIViewController+Additions.swift in Sources */ = {isa = PBXBuildFile; fileRef = 45243C681C17A514005D476D /* UIViewController+Additions.swift */; };
		4526D59A1BFF5BEE00DBFA4B /* NSDate+Additions.swift in Sources */ = {isa = PBXBuildFile; fileRef = 4526D5991BFF5BEE00DBFA4B /* NSDate+Additions.swift */; };
		4534D5491C22FA7A00F4DDA5 /* UIView+Additions.swift in Sources */ = {isa = PBXBuildFile; fileRef = 4534D5481C22FA7A00F4DDA5 /* UIView+Additions.swift */; };
		4534D54B1C230A8E00F4DDA5 /* TextFields.swift in Sources */ = {isa = PBXBuildFile; fileRef = 4534D54A1C230A8E00F4DDA5 /* TextFields.swift */; };
		4534D54D1C230EC600F4DDA5 /* String+Additions.swift in Sources */ = {isa = PBXBuildFile; fileRef = 4534D54C1C230EC600F4DDA5 /* String+Additions.swift */; };
		4549F3E21C25BF0900EAA1DB /* UserViewController.storyboard in Resources */ = {isa = PBXBuildFile; fileRef = 4549F3E11C25BF0900EAA1DB /* UserViewController.storyboard */; };
		4549F3E41C25DEF600EAA1DB /* UserViewController.swift in Sources */ = {isa = PBXBuildFile; fileRef = 4549F3E31C25DEF600EAA1DB /* UserViewController.swift */; };
		4549F3E61C25DF4000EAA1DB /* FavoritesViewController.swift in Sources */ = {isa = PBXBuildFile; fileRef = 4549F3E51C25DF4000EAA1DB /* FavoritesViewController.swift */; };
		454C2F6A1C26B88900C00C52 /* MBProgressHUD+Additions.swift in Sources */ = {isa = PBXBuildFile; fileRef = 454C2F691C26B88900C00C52 /* MBProgressHUD+Additions.swift */; };
		4555BBAC1BFFEEB500A01B41 /* server.cer in Resources */ = {isa = PBXBuildFile; fileRef = 4555BBAB1BFFEEB500A01B41 /* server.cer */; };
		455D06A61C0388C700D81ABF /* Themes.swift in Sources */ = {isa = PBXBuildFile; fileRef = 455D06A51C0388C700D81ABF /* Themes.swift */; };
		455D06A91C0391A600D81ABF /* InfoPlist.strings in Resources */ = {isa = PBXBuildFile; fileRef = 455D06AB1C0391A600D81ABF /* InfoPlist.strings */; };
		455D06B01C0394E200D81ABF /* SettingsViewController.swift in Sources */ = {isa = PBXBuildFile; fileRef = 455D06AE1C0394E200D81ABF /* SettingsViewController.swift */; };
		455D06B41C03950300D81ABF /* AccountViewController.swift in Sources */ = {isa = PBXBuildFile; fileRef = 455D06B31C03950300D81ABF /* AccountViewController.swift */; };
		455D06C11C03991200D81ABF /* BrandsViewController.storyboard in Resources */ = {isa = PBXBuildFile; fileRef = 455D06BF1C03991200D81ABF /* BrandsViewController.storyboard */; };
		455D06C21C03991200D81ABF /* BrandsViewController.swift in Sources */ = {isa = PBXBuildFile; fileRef = 455D06C01C03991200D81ABF /* BrandsViewController.swift */; };
		4568E2A21BF90797009A6164 /* Assets.xcassets in Resources */ = {isa = PBXBuildFile; fileRef = 4568E28F1BF90797009A6164 /* Assets.xcassets */; };
		4568E2A31BF90797009A6164 /* AppDelegate.swift in Sources */ = {isa = PBXBuildFile; fileRef = 4568E2911BF90797009A6164 /* AppDelegate.swift */; };
		4568E2A61BF90797009A6164 /* iPrices.xcdatamodeld in Sources */ = {isa = PBXBuildFile; fileRef = 4568E2971BF90797009A6164 /* iPrices.xcdatamodeld */; };
		4568E2A71BF90797009A6164 /* NewsViewController.swift in Sources */ = {isa = PBXBuildFile; fileRef = 4568E29B1BF90797009A6164 /* NewsViewController.swift */; };
		4568E2F61BF92182009A6164 /* BaseViewControllers.swift in Sources */ = {isa = PBXBuildFile; fileRef = 4568E2F51BF92182009A6164 /* BaseViewControllers.swift */; };
		4568E2FC1BF938C9009A6164 /* FileManager.swift in Sources */ = {isa = PBXBuildFile; fileRef = 4568E2FB1BF938C9009A6164 /* FileManager.swift */; };
		457777821BFCB60100805D79 /* News+CoreDataProperties.swift in Sources */ = {isa = PBXBuildFile; fileRef = 457777801BFCB60100805D79 /* News+CoreDataProperties.swift */; };
		457777831BFCB60100805D79 /* News.swift in Sources */ = {isa = PBXBuildFile; fileRef = 457777811BFCB60100805D79 /* News.swift */; };
		457777881BFCE15700805D79 /* Localizable.strings in Resources */ = {isa = PBXBuildFile; fileRef = 4577778A1BFCE15700805D79 /* Localizable.strings */; };
		457777911BFCE4AC00805D79 /* NewsViewController.storyboard in Resources */ = {isa = PBXBuildFile; fileRef = 457777901BFCE4AC00805D79 /* NewsViewController.storyboard */; };
		457D1EB81BFBDE9700D451D0 /* ServerManager.swift in Sources */ = {isa = PBXBuildFile; fileRef = 457D1EB71BFBDE9700D451D0 /* ServerManager.swift */; };
		457D1EBA1BFBE00F00D451D0 /* HTTPRequestOperationManager.swift in Sources */ = {isa = PBXBuildFile; fileRef = 457D1EB91BFBE00F00D451D0 /* HTTPRequestOperationManager.swift */; };
		457D1EBC1BFBE0BB00D451D0 /* Constants.swift in Sources */ = {isa = PBXBuildFile; fileRef = 457D1EBB1BFBE0BB00D451D0 /* Constants.swift */; };
		45A4D8321C08CD200000309C /* news.css in Resources */ = {isa = PBXBuildFile; fileRef = 45A4D8301C08CD200000309C /* news.css */; };
		45A4D8331C08CD200000309C /* news.html in Resources */ = {isa = PBXBuildFile; fileRef = 45A4D8311C08CD200000309C /* news.html */; };
		45B77F0A1C05A77B002E3385 /* UserManager.swift in Sources */ = {isa = PBXBuildFile; fileRef = 45B77F091C05A77B002E3385 /* UserManager.swift */; };
		45CD72CB1C189894004583FC /* UITabBar+Additions.swift in Sources */ = {isa = PBXBuildFile; fileRef = 45CD72CA1C189894004583FC /* UITabBar+Additions.swift */; };
		45CD72CD1C189AC6004583FC /* UIToolbar+Additions.swift in Sources */ = {isa = PBXBuildFile; fileRef = 45CD72CC1C189AC6004583FC /* UIToolbar+Additions.swift */; };
		45D418AC1C1B935200685DFC /* Brand+CoreDataProperties.swift in Sources */ = {isa = PBXBuildFile; fileRef = 45D418AA1C1B935200685DFC /* Brand+CoreDataProperties.swift */; };
		45D418AD1C1B935200685DFC /* Brand.swift in Sources */ = {isa = PBXBuildFile; fileRef = 45D418AB1C1B935200685DFC /* Brand.swift */; };
		45DAF6751BFA4DC1007355C8 /* LaunchScreen.storyboard in Resources */ = {isa = PBXBuildFile; fileRef = 45DAF6741BFA4DC1007355C8 /* LaunchScreen.storyboard */; };
		45E775B41C04828B00FCCCDE /* NewsDetailViewController.swift in Sources */ = {isa = PBXBuildFile; fileRef = 45E775B31C04828B00FCCCDE /* NewsDetailViewController.swift */; };
		5E03F2F527D7FE43021665B8 /* Pods.framework in Frameworks */ = {isa = PBXBuildFile; fileRef = 7718A3E5C95753364344DC22 /* Pods.framework */; };
/* End PBXBuildFile section */

/* Begin PBXFileReference section */
		07366AF0A57023FAF6EDEF95 /* Pods.debug.xcconfig */ = {isa = PBXFileReference; includeInIndex = 1; lastKnownFileType = text.xcconfig; name = Pods.debug.xcconfig; path = "Pods/Target Support Files/Pods/Pods.debug.xcconfig"; sourceTree = "<group>"; };
		0D1DF07A1C1DCA8800574D98 /* CoreTelephony.framework */ = {isa = PBXFileReference; lastKnownFileType = wrapper.framework; name = CoreTelephony.framework; path = System/Library/Frameworks/CoreTelephony.framework; sourceTree = SDKROOT; };
		0D1DF07C1C1DCDD400574D98 /* libc++.1.dylib */ = {isa = PBXFileReference; lastKnownFileType = "compiled.mach-o.dylib"; name = "libc++.1.dylib"; path = "../../../../usr/lib/libc++.1.dylib"; sourceTree = "<group>"; };
		0D1DF07E1C1DCF3C00574D98 /* SystemConfiguration.framework */ = {isa = PBXFileReference; lastKnownFileType = wrapper.framework; name = SystemConfiguration.framework; path = System/Library/Frameworks/SystemConfiguration.framework; sourceTree = SDKROOT; };
		0D1DF0801C1DCF4800574D98 /* libz.tbd */ = {isa = PBXFileReference; lastKnownFileType = "sourcecode.text-based-dylib-definition"; name = libz.tbd; path = usr/lib/libz.tbd; sourceTree = SDKROOT; };
		0D1DF0821C1DCF5600574D98 /* libsqlite3.0.tbd */ = {isa = PBXFileReference; lastKnownFileType = "sourcecode.text-based-dylib-definition"; name = libsqlite3.0.tbd; path = usr/lib/libsqlite3.0.tbd; sourceTree = SDKROOT; };
		0D1DF0841C1DCF6900574D98 /* libc++.tbd */ = {isa = PBXFileReference; lastKnownFileType = "sourcecode.text-based-dylib-definition"; name = "libc++.tbd"; path = "usr/lib/libc++.tbd"; sourceTree = SDKROOT; };
		0D1DF0881C1DD18F00574D98 /* WeChatActivityGeneral.swift */ = {isa = PBXFileReference; fileEncoding = 4; lastKnownFileType = sourcecode.swift; path = WeChatActivityGeneral.swift; sourceTree = "<group>"; };
		0D1DF08A1C1DD21600574D98 /* WeChatMomentsActivity.swift */ = {isa = PBXFileReference; fileEncoding = 4; lastKnownFileType = sourcecode.swift; path = WeChatMomentsActivity.swift; sourceTree = "<group>"; };
		0D1DF08C1C1DD27100574D98 /* WeChatSessionActivity.swift */ = {isa = PBXFileReference; fileEncoding = 4; lastKnownFileType = sourcecode.swift; path = WeChatSessionActivity.swift; sourceTree = "<group>"; };
		0D7675B61C25BB740090385C /* SharingProvider.swift */ = {isa = PBXFileReference; fileEncoding = 4; lastKnownFileType = sourcecode.swift; path = SharingProvider.swift; sourceTree = "<group>"; };
		45016E551C14EC25004034BC /* Product+CoreDataProperties.swift */ = {isa = PBXFileReference; fileEncoding = 4; lastKnownFileType = sourcecode.swift; path = "Product+CoreDataProperties.swift"; sourceTree = "<group>"; };
		45016E561C14EC25004034BC /* Product.swift */ = {isa = PBXFileReference; fileEncoding = 4; lastKnownFileType = sourcecode.swift; path = Product.swift; sourceTree = "<group>"; };
		45016E591C14F043004034BC /* BaseModel.swift */ = {isa = PBXFileReference; fileEncoding = 4; lastKnownFileType = sourcecode.swift; path = BaseModel.swift; sourceTree = "<group>"; };
		4506ED701C221797003B5018 /* LoginViewController.swift */ = {isa = PBXFileReference; fileEncoding = 4; lastKnownFileType = sourcecode.swift; path = LoginViewController.swift; sourceTree = "<group>"; };
		4514066B1C198E2D00872AAD /* TableViewCells.swift */ = {isa = PBXFileReference; fileEncoding = 4; lastKnownFileType = sourcecode.swift; path = TableViewCells.swift; sourceTree = "<group>"; };
		45243C681C17A514005D476D /* UIViewController+Additions.swift */ = {isa = PBXFileReference; fileEncoding = 4; lastKnownFileType = sourcecode.swift; path = "UIViewController+Additions.swift"; sourceTree = "<group>"; };
		4526D5991BFF5BEE00DBFA4B /* NSDate+Additions.swift */ = {isa = PBXFileReference; fileEncoding = 4; lastKnownFileType = sourcecode.swift; path = "NSDate+Additions.swift"; sourceTree = "<group>"; };
		4534D5481C22FA7A00F4DDA5 /* UIView+Additions.swift */ = {isa = PBXFileReference; fileEncoding = 4; lastKnownFileType = sourcecode.swift; path = "UIView+Additions.swift"; sourceTree = "<group>"; };
		4534D54A1C230A8E00F4DDA5 /* TextFields.swift */ = {isa = PBXFileReference; fileEncoding = 4; lastKnownFileType = sourcecode.swift; path = TextFields.swift; sourceTree = "<group>"; };
		4534D54C1C230EC600F4DDA5 /* String+Additions.swift */ = {isa = PBXFileReference; fileEncoding = 4; lastKnownFileType = sourcecode.swift; path = "String+Additions.swift"; sourceTree = "<group>"; };
		4549F3E11C25BF0900EAA1DB /* UserViewController.storyboard */ = {isa = PBXFileReference; fileEncoding = 4; lastKnownFileType = file.storyboard; path = UserViewController.storyboard; sourceTree = "<group>"; };
		4549F3E31C25DEF600EAA1DB /* UserViewController.swift */ = {isa = PBXFileReference; fileEncoding = 4; lastKnownFileType = sourcecode.swift; path = UserViewController.swift; sourceTree = "<group>"; };
		4549F3E51C25DF4000EAA1DB /* FavoritesViewController.swift */ = {isa = PBXFileReference; fileEncoding = 4; lastKnownFileType = sourcecode.swift; path = FavoritesViewController.swift; sourceTree = "<group>"; };
		454C2F691C26B88900C00C52 /* MBProgressHUD+Additions.swift */ = {isa = PBXFileReference; fileEncoding = 4; lastKnownFileType = sourcecode.swift; path = "MBProgressHUD+Additions.swift"; sourceTree = "<group>"; };
		4555BBAB1BFFEEB500A01B41 /* server.cer */ = {isa = PBXFileReference; fileEncoding = 4; lastKnownFileType = text; path = server.cer; sourceTree = "<group>"; };
		455D06A51C0388C700D81ABF /* Themes.swift */ = {isa = PBXFileReference; fileEncoding = 4; lastKnownFileType = sourcecode.swift; path = Themes.swift; sourceTree = "<group>"; };
		455D06AA1C0391A600D81ABF /* en */ = {isa = PBXFileReference; lastKnownFileType = text.plist.strings; name = en; path = en.lproj/InfoPlist.strings; sourceTree = "<group>"; };
		455D06AC1C0391A700D81ABF /* zh-Hans */ = {isa = PBXFileReference; lastKnownFileType = text.plist.strings; name = "zh-Hans"; path = "zh-Hans.lproj/InfoPlist.strings"; sourceTree = "<group>"; };
		455D06AE1C0394E200D81ABF /* SettingsViewController.swift */ = {isa = PBXFileReference; fileEncoding = 4; lastKnownFileType = sourcecode.swift; path = SettingsViewController.swift; sourceTree = "<group>"; };
		455D06B31C03950300D81ABF /* AccountViewController.swift */ = {isa = PBXFileReference; fileEncoding = 4; lastKnownFileType = sourcecode.swift; path = AccountViewController.swift; sourceTree = "<group>"; };
		455D06BF1C03991200D81ABF /* BrandsViewController.storyboard */ = {isa = PBXFileReference; fileEncoding = 4; lastKnownFileType = file.storyboard; path = BrandsViewController.storyboard; sourceTree = "<group>"; };
		455D06C01C03991200D81ABF /* BrandsViewController.swift */ = {isa = PBXFileReference; fileEncoding = 4; lastKnownFileType = sourcecode.swift; path = BrandsViewController.swift; sourceTree = "<group>"; };
		4568E28F1BF90797009A6164 /* Assets.xcassets */ = {isa = PBXFileReference; lastKnownFileType = folder.assetcatalog; path = Assets.xcassets; sourceTree = "<group>"; };
		4568E2911BF90797009A6164 /* AppDelegate.swift */ = {isa = PBXFileReference; fileEncoding = 4; lastKnownFileType = sourcecode.swift; path = AppDelegate.swift; sourceTree = "<group>"; };
		4568E2981BF90797009A6164 /* iPrices.xcdatamodel */ = {isa = PBXFileReference; lastKnownFileType = wrapper.xcdatamodel; path = iPrices.xcdatamodel; sourceTree = "<group>"; };
		4568E29B1BF90797009A6164 /* NewsViewController.swift */ = {isa = PBXFileReference; fileEncoding = 4; lastKnownFileType = sourcecode.swift; path = NewsViewController.swift; sourceTree = "<group>"; };
		4568E29D1BF90797009A6164 /* Info.plist */ = {isa = PBXFileReference; fileEncoding = 4; lastKnownFileType = text.plist.xml; path = Info.plist; sourceTree = "<group>"; };
		4568E2F51BF92182009A6164 /* BaseViewControllers.swift */ = {isa = PBXFileReference; fileEncoding = 4; lastKnownFileType = sourcecode.swift; path = BaseViewControllers.swift; sourceTree = "<group>"; };
		4568E2F71BF922B7009A6164 /* iPrices-Bridging-Header.h */ = {isa = PBXFileReference; lastKnownFileType = sourcecode.c.h; path = "iPrices-Bridging-Header.h"; sourceTree = "<group>"; };
		4568E2FB1BF938C9009A6164 /* FileManager.swift */ = {isa = PBXFileReference; fileEncoding = 4; lastKnownFileType = sourcecode.swift; path = FileManager.swift; sourceTree = "<group>"; };
		457777801BFCB60100805D79 /* News+CoreDataProperties.swift */ = {isa = PBXFileReference; fileEncoding = 4; lastKnownFileType = sourcecode.swift; path = "News+CoreDataProperties.swift"; sourceTree = "<group>"; };
		457777811BFCB60100805D79 /* News.swift */ = {isa = PBXFileReference; fileEncoding = 4; lastKnownFileType = sourcecode.swift; path = News.swift; sourceTree = "<group>"; };
		4577778B1BFCE15900805D79 /* en */ = {isa = PBXFileReference; lastKnownFileType = text.plist.strings; name = en; path = en.lproj/Localizable.strings; sourceTree = "<group>"; };
		4577778C1BFCE15A00805D79 /* zh-Hans */ = {isa = PBXFileReference; lastKnownFileType = text.plist.strings; name = "zh-Hans"; path = "zh-Hans.lproj/Localizable.strings"; sourceTree = "<group>"; };
		457777901BFCE4AC00805D79 /* NewsViewController.storyboard */ = {isa = PBXFileReference; fileEncoding = 4; lastKnownFileType = file.storyboard; path = NewsViewController.storyboard; sourceTree = "<group>"; };
		457D1EB71BFBDE9700D451D0 /* ServerManager.swift */ = {isa = PBXFileReference; fileEncoding = 4; lastKnownFileType = sourcecode.swift; path = ServerManager.swift; sourceTree = "<group>"; };
		457D1EB91BFBE00F00D451D0 /* HTTPRequestOperationManager.swift */ = {isa = PBXFileReference; fileEncoding = 4; lastKnownFileType = sourcecode.swift; path = HTTPRequestOperationManager.swift; sourceTree = "<group>"; };
		457D1EBB1BFBE0BB00D451D0 /* Constants.swift */ = {isa = PBXFileReference; fileEncoding = 4; lastKnownFileType = sourcecode.swift; path = Constants.swift; sourceTree = "<group>"; };
		45A4D8301C08CD200000309C /* news.css */ = {isa = PBXFileReference; fileEncoding = 4; lastKnownFileType = text.css; path = news.css; sourceTree = "<group>"; };
		45A4D8311C08CD200000309C /* news.html */ = {isa = PBXFileReference; fileEncoding = 4; lastKnownFileType = text.html; path = news.html; sourceTree = "<group>"; };
		45B77F091C05A77B002E3385 /* UserManager.swift */ = {isa = PBXFileReference; fileEncoding = 4; lastKnownFileType = sourcecode.swift; path = UserManager.swift; sourceTree = "<group>"; };
		45CD72CA1C189894004583FC /* UITabBar+Additions.swift */ = {isa = PBXFileReference; fileEncoding = 4; lastKnownFileType = sourcecode.swift; path = "UITabBar+Additions.swift"; sourceTree = "<group>"; };
		45CD72CC1C189AC6004583FC /* UIToolbar+Additions.swift */ = {isa = PBXFileReference; fileEncoding = 4; lastKnownFileType = sourcecode.swift; path = "UIToolbar+Additions.swift"; sourceTree = "<group>"; };
		45D418AA1C1B935200685DFC /* Brand+CoreDataProperties.swift */ = {isa = PBXFileReference; fileEncoding = 4; lastKnownFileType = sourcecode.swift; path = "Brand+CoreDataProperties.swift"; sourceTree = "<group>"; };
		45D418AB1C1B935200685DFC /* Brand.swift */ = {isa = PBXFileReference; fileEncoding = 4; lastKnownFileType = sourcecode.swift; path = Brand.swift; sourceTree = "<group>"; };
		45DAF6741BFA4DC1007355C8 /* LaunchScreen.storyboard */ = {isa = PBXFileReference; fileEncoding = 4; lastKnownFileType = file.storyboard; path = LaunchScreen.storyboard; sourceTree = "<group>"; };
		45E775B31C04828B00FCCCDE /* NewsDetailViewController.swift */ = {isa = PBXFileReference; fileEncoding = 4; lastKnownFileType = sourcecode.swift; path = NewsDetailViewController.swift; sourceTree = "<group>"; };
		45E7CE0B1BF8C05F00FAB7D6 /* iPrices.app */ = {isa = PBXFileReference; explicitFileType = wrapper.application; includeInIndex = 0; path = iPrices.app; sourceTree = BUILT_PRODUCTS_DIR; };
		7458EDDD88FC6BECB47245DE /* Pods.release.xcconfig */ = {isa = PBXFileReference; includeInIndex = 1; lastKnownFileType = text.xcconfig; name = Pods.release.xcconfig; path = "Pods/Target Support Files/Pods/Pods.release.xcconfig"; sourceTree = "<group>"; };
		7718A3E5C95753364344DC22 /* Pods.framework */ = {isa = PBXFileReference; explicitFileType = wrapper.framework; includeInIndex = 0; path = Pods.framework; sourceTree = BUILT_PRODUCTS_DIR; };
/* End PBXFileReference section */

/* Begin PBXFrameworksBuildPhase section */
		45E7CE081BF8C05F00FAB7D6 /* Frameworks */ = {
			isa = PBXFrameworksBuildPhase;
			buildActionMask = 2147483647;
			files = (
				0D1DF0851C1DCF6900574D98 /* libc++.tbd in Frameworks */,
				0D1DF0831C1DCF5600574D98 /* libsqlite3.0.tbd in Frameworks */,
				0D1DF0811C1DCF4800574D98 /* libz.tbd in Frameworks */,
				0D1DF07F1C1DCF3C00574D98 /* SystemConfiguration.framework in Frameworks */,
				0D1DF07B1C1DCA8800574D98 /* CoreTelephony.framework in Frameworks */,
				5E03F2F527D7FE43021665B8 /* Pods.framework in Frameworks */,
			);
			runOnlyForDeploymentPostprocessing = 0;
		};
/* End PBXFrameworksBuildPhase section */

/* Begin PBXGroup section */
		0D1DF06E1C1DC52600574D98 /* Sharing */ = {
			isa = PBXGroup;
			children = (
				0D7675B61C25BB740090385C /* SharingProvider.swift */,
				0D1DF06F1C1DC52600574D98 /* WeChat */,
			);
			path = Sharing;
			sourceTree = "<group>";
		};
		0D1DF06F1C1DC52600574D98 /* WeChat */ = {
			isa = PBXGroup;
			children = (
				0D1DF0881C1DD18F00574D98 /* WeChatActivityGeneral.swift */,
				0D1DF08A1C1DD21600574D98 /* WeChatMomentsActivity.swift */,
				0D1DF08C1C1DD27100574D98 /* WeChatSessionActivity.swift */,
			);
			path = WeChat;
			sourceTree = "<group>";
		};
		4526D5981BFF5BEE00DBFA4B /* Additions */ = {
			isa = PBXGroup;
			children = (
				454C2F691C26B88900C00C52 /* MBProgressHUD+Additions.swift */,
				4526D5991BFF5BEE00DBFA4B /* NSDate+Additions.swift */,
				4534D54C1C230EC600F4DDA5 /* String+Additions.swift */,
				45243C681C17A514005D476D /* UIViewController+Additions.swift */,
				45CD72CA1C189894004583FC /* UITabBar+Additions.swift */,
				45CD72CC1C189AC6004583FC /* UIToolbar+Additions.swift */,
				4534D5481C22FA7A00F4DDA5 /* UIView+Additions.swift */,
			);
			path = Additions;
			sourceTree = "<group>";
		};
		455D06AD1C0394E200D81ABF /* User */ = {
			isa = PBXGroup;
			children = (
				4549F3E11C25BF0900EAA1DB /* UserViewController.storyboard */,
				4549F3E31C25DEF600EAA1DB /* UserViewController.swift */,
				455D06B31C03950300D81ABF /* AccountViewController.swift */,
				4549F3E51C25DF4000EAA1DB /* FavoritesViewController.swift */,
				4506ED701C221797003B5018 /* LoginViewController.swift */,
				455D06AE1C0394E200D81ABF /* SettingsViewController.swift */,
			);
			name = User;
			path = iPrices/Sources/Modules/Account;
			sourceTree = SOURCE_ROOT;
		};
		455D06BE1C03991200D81ABF /* Brands */ = {
			isa = PBXGroup;
			children = (
				455D06BF1C03991200D81ABF /* BrandsViewController.storyboard */,
				455D06C01C03991200D81ABF /* BrandsViewController.swift */,
			);
			path = Brands;
			sourceTree = "<group>";
		};
		4568E28E1BF90797009A6164 /* Resources */ = {
			isa = PBXGroup;
			children = (
				4568E28F1BF90797009A6164 /* Assets.xcassets */,
				45DAF6741BFA4DC1007355C8 /* LaunchScreen.storyboard */,
				4555BBAB1BFFEEB500A01B41 /* server.cer */,
				45A4D8301C08CD200000309C /* news.css */,
				45A4D8311C08CD200000309C /* news.html */,
			);
			name = Resources;
			path = iPrices/Resources;
			sourceTree = "<group>";
		};
		4568E2901BF90797009A6164 /* Sources */ = {
			isa = PBXGroup;
			children = (
				4568E2911BF90797009A6164 /* AppDelegate.swift */,
				0D1DF06E1C1DC52600574D98 /* Sharing */,
				4568E2961BF90797009A6164 /* CoreData */,
				4568E2991BF90797009A6164 /* Modules */,
				4568E2AD1BF91FD4009A6164 /* Network */,
				4568E2AE1BF91FD4009A6164 /* Utilities */,
			);
			name = Sources;
			path = iPrices/Sources;
			sourceTree = "<group>";
		};
		4568E2961BF90797009A6164 /* CoreData */ = {
			isa = PBXGroup;
			children = (
				4577777B1BFC7D3700805D79 /* Models */,
				4568E2971BF90797009A6164 /* iPrices.xcdatamodeld */,
			);
			path = CoreData;
			sourceTree = "<group>";
		};
		4568E2991BF90797009A6164 /* Modules */ = {
			isa = PBXGroup;
			children = (
				4568E2F41BF92171009A6164 /* Common */,
				4568E29A1BF90797009A6164 /* News */,
				455D06BE1C03991200D81ABF /* Brands */,
				455D06AD1C0394E200D81ABF /* User */,
			);
			path = Modules;
			sourceTree = "<group>";
		};
		4568E29A1BF90797009A6164 /* News */ = {
			isa = PBXGroup;
			children = (
				457777901BFCE4AC00805D79 /* NewsViewController.storyboard */,
				4568E29B1BF90797009A6164 /* NewsViewController.swift */,
				45E775B31C04828B00FCCCDE /* NewsDetailViewController.swift */,
			);
			path = News;
			sourceTree = "<group>";
		};
		4568E29C1BF90797009A6164 /* Supporting Files */ = {
			isa = PBXGroup;
			children = (
				4568E29D1BF90797009A6164 /* Info.plist */,
				4568E2F71BF922B7009A6164 /* iPrices-Bridging-Header.h */,
				4577778A1BFCE15700805D79 /* Localizable.strings */,
				455D06AB1C0391A600D81ABF /* InfoPlist.strings */,
			);
			name = "Supporting Files";
			path = "iPrices/Supporting Files";
			sourceTree = "<group>";
		};
		4568E2AD1BF91FD4009A6164 /* Network */ = {
			isa = PBXGroup;
			children = (
				457D1EB71BFBDE9700D451D0 /* ServerManager.swift */,
				457D1EB91BFBE00F00D451D0 /* HTTPRequestOperationManager.swift */,
			);
			path = Network;
			sourceTree = "<group>";
		};
		4568E2AE1BF91FD4009A6164 /* Utilities */ = {
			isa = PBXGroup;
			children = (
				4526D5981BFF5BEE00DBFA4B /* Additions */,
				457777921BFCE97D00805D79 /* CustomUI */,
				457D1EBB1BFBE0BB00D451D0 /* Constants.swift */,
				4568E2FB1BF938C9009A6164 /* FileManager.swift */,
				45B77F091C05A77B002E3385 /* UserManager.swift */,
			);
			path = Utilities;
			sourceTree = "<group>";
		};
		4568E2F41BF92171009A6164 /* Common */ = {
			isa = PBXGroup;
			children = (
				4568E2F51BF92182009A6164 /* BaseViewControllers.swift */,
			);
			path = Common;
			sourceTree = "<group>";
		};
		4577777B1BFC7D3700805D79 /* Models */ = {
			isa = PBXGroup;
			children = (
				45016E591C14F043004034BC /* BaseModel.swift */,
				45D418AA1C1B935200685DFC /* Brand+CoreDataProperties.swift */,
				45D418AB1C1B935200685DFC /* Brand.swift */,
				457777801BFCB60100805D79 /* News+CoreDataProperties.swift */,
				457777811BFCB60100805D79 /* News.swift */,
				45016E551C14EC25004034BC /* Product+CoreDataProperties.swift */,
				45016E561C14EC25004034BC /* Product.swift */,
			);
			path = Models;
			sourceTree = "<group>";
		};
		457777921BFCE97D00805D79 /* CustomUI */ = {
			isa = PBXGroup;
			children = (
				455D06A51C0388C700D81ABF /* Themes.swift */,
				4514066B1C198E2D00872AAD /* TableViewCells.swift */,
				4534D54A1C230A8E00F4DDA5 /* TextFields.swift */,
			);
			path = CustomUI;
			sourceTree = "<group>";
		};
		45E7CE021BF8C05F00FAB7D6 = {
			isa = PBXGroup;
			children = (
				4568E28E1BF90797009A6164 /* Resources */,
				4568E2901BF90797009A6164 /* Sources */,
				4568E29C1BF90797009A6164 /* Supporting Files */,
				45E7CE0C1BF8C05F00FAB7D6 /* Products */,
				9D105B54E51AA7203AC88C1D /* Pods */,
				7D6D7E1DE178B710CB3184C9 /* Frameworks */,
			);
			sourceTree = "<group>";
		};
		45E7CE0C1BF8C05F00FAB7D6 /* Products */ = {
			isa = PBXGroup;
			children = (
				45E7CE0B1BF8C05F00FAB7D6 /* iPrices.app */,
			);
			name = Products;
			sourceTree = "<group>";
		};
		7D6D7E1DE178B710CB3184C9 /* Frameworks */ = {
			isa = PBXGroup;
			children = (
				0D1DF0841C1DCF6900574D98 /* libc++.tbd */,
				0D1DF0821C1DCF5600574D98 /* libsqlite3.0.tbd */,
				0D1DF0801C1DCF4800574D98 /* libz.tbd */,
				0D1DF07E1C1DCF3C00574D98 /* SystemConfiguration.framework */,
				0D1DF07C1C1DCDD400574D98 /* libc++.1.dylib */,
				0D1DF07A1C1DCA8800574D98 /* CoreTelephony.framework */,
				7718A3E5C95753364344DC22 /* Pods.framework */,
			);
			name = Frameworks;
			sourceTree = "<group>";
		};
		9D105B54E51AA7203AC88C1D /* Pods */ = {
			isa = PBXGroup;
			children = (
				07366AF0A57023FAF6EDEF95 /* Pods.debug.xcconfig */,
				7458EDDD88FC6BECB47245DE /* Pods.release.xcconfig */,
			);
			name = Pods;
			sourceTree = "<group>";
		};
/* End PBXGroup section */

/* Begin PBXNativeTarget section */
		45E7CE0A1BF8C05F00FAB7D6 /* iPrices */ = {
			isa = PBXNativeTarget;
			buildConfigurationList = 45E7CE361BF8C05F00FAB7D6 /* Build configuration list for PBXNativeTarget "iPrices" */;
			buildPhases = (
				EF63E7239B26381139289D4D /* Check Pods Manifest.lock */,
				45E7CE071BF8C05F00FAB7D6 /* Sources */,
				45E7CE081BF8C05F00FAB7D6 /* Frameworks */,
				45E7CE091BF8C05F00FAB7D6 /* Resources */,
				ADB037464555006649303388 /* Embed Pods Frameworks */,
				64F38153BB338306A7FF94EB /* Copy Pods Resources */,
			);
			buildRules = (
			);
			dependencies = (
			);
			name = iPrices;
			productName = iPrices;
			productReference = 45E7CE0B1BF8C05F00FAB7D6 /* iPrices.app */;
			productType = "com.apple.product-type.application";
		};
/* End PBXNativeTarget section */

/* Begin PBXProject section */
		45E7CE031BF8C05F00FAB7D6 /* Project object */ = {
			isa = PBXProject;
			attributes = {
				LastSwiftUpdateCheck = 0710;
				LastUpgradeCheck = 0710;
				ORGANIZATIONNAME = iPrices;
				TargetAttributes = {
					45E7CE0A1BF8C05F00FAB7D6 = {
						CreatedOnToolsVersion = 7.1.1;
					};
				};
			};
			buildConfigurationList = 45E7CE061BF8C05F00FAB7D6 /* Build configuration list for PBXProject "iPrices" */;
			compatibilityVersion = "Xcode 3.2";
			developmentRegion = English;
			hasScannedForEncodings = 0;
			knownRegions = (
				en,
				"zh-Hans",
			);
			mainGroup = 45E7CE021BF8C05F00FAB7D6;
			productRefGroup = 45E7CE0C1BF8C05F00FAB7D6 /* Products */;
			projectDirPath = "";
			projectRoot = "";
			targets = (
				45E7CE0A1BF8C05F00FAB7D6 /* iPrices */,
			);
		};
/* End PBXProject section */

/* Begin PBXResourcesBuildPhase section */
		45E7CE091BF8C05F00FAB7D6 /* Resources */ = {
			isa = PBXResourcesBuildPhase;
			buildActionMask = 2147483647;
			files = (
				457777911BFCE4AC00805D79 /* NewsViewController.storyboard in Resources */,
				455D06A91C0391A600D81ABF /* InfoPlist.strings in Resources */,
				45DAF6751BFA4DC1007355C8 /* LaunchScreen.storyboard in Resources */,
				457777881BFCE15700805D79 /* Localizable.strings in Resources */,
				455D06C11C03991200D81ABF /* BrandsViewController.storyboard in Resources */,
				45A4D8321C08CD200000309C /* news.css in Resources */,
				4555BBAC1BFFEEB500A01B41 /* server.cer in Resources */,
				45A4D8331C08CD200000309C /* news.html in Resources */,
				4549F3E21C25BF0900EAA1DB /* UserViewController.storyboard in Resources */,
				4568E2A21BF90797009A6164 /* Assets.xcassets in Resources */,
			);
			runOnlyForDeploymentPostprocessing = 0;
		};
/* End PBXResourcesBuildPhase section */

/* Begin PBXShellScriptBuildPhase section */
		64F38153BB338306A7FF94EB /* Copy Pods Resources */ = {
			isa = PBXShellScriptBuildPhase;
			buildActionMask = 2147483647;
			files = (
			);
			inputPaths = (
			);
			name = "Copy Pods Resources";
			outputPaths = (
			);
			runOnlyForDeploymentPostprocessing = 0;
			shellPath = /bin/sh;
			shellScript = "\"${SRCROOT}/Pods/Target Support Files/Pods/Pods-resources.sh\"\n";
			showEnvVarsInLog = 0;
		};
		ADB037464555006649303388 /* Embed Pods Frameworks */ = {
			isa = PBXShellScriptBuildPhase;
			buildActionMask = 2147483647;
			files = (
			);
			inputPaths = (
			);
			name = "Embed Pods Frameworks";
			outputPaths = (
			);
			runOnlyForDeploymentPostprocessing = 0;
			shellPath = /bin/sh;
			shellScript = "\"${SRCROOT}/Pods/Target Support Files/Pods/Pods-frameworks.sh\"\n";
			showEnvVarsInLog = 0;
		};
		EF63E7239B26381139289D4D /* Check Pods Manifest.lock */ = {
			isa = PBXShellScriptBuildPhase;
			buildActionMask = 2147483647;
			files = (
			);
			inputPaths = (
			);
			name = "Check Pods Manifest.lock";
			outputPaths = (
			);
			runOnlyForDeploymentPostprocessing = 0;
			shellPath = /bin/sh;
			shellScript = "diff \"${PODS_ROOT}/../Podfile.lock\" \"${PODS_ROOT}/Manifest.lock\" > /dev/null\nif [[ $? != 0 ]] ; then\n    cat << EOM\nerror: The sandbox is not in sync with the Podfile.lock. Run 'pod install' or update your CocoaPods installation.\nEOM\n    exit 1\nfi\n";
			showEnvVarsInLog = 0;
		};
/* End PBXShellScriptBuildPhase section */

/* Begin PBXSourcesBuildPhase section */
		45E7CE071BF8C05F00FAB7D6 /* Sources */ = {
			isa = PBXSourcesBuildPhase;
			buildActionMask = 2147483647;
			files = (
				45016E581C14EC25004034BC /* Product.swift in Sources */,
				45CD72CD1C189AC6004583FC /* UIToolbar+Additions.swift in Sources */,
				4568E2FC1BF938C9009A6164 /* FileManager.swift in Sources */,
				0D1DF0891C1DD18F00574D98 /* WeChatActivityGeneral.swift in Sources */,
				4568E2A31BF90797009A6164 /* AppDelegate.swift in Sources */,
				4568E2F61BF92182009A6164 /* BaseViewControllers.swift in Sources */,
				4568E2A71BF90797009A6164 /* NewsViewController.swift in Sources */,
				4534D54B1C230A8E00F4DDA5 /* TextFields.swift in Sources */,
				45CD72CB1C189894004583FC /* UITabBar+Additions.swift in Sources */,
				457777821BFCB60100805D79 /* News+CoreDataProperties.swift in Sources */,
				4549F3E61C25DF4000EAA1DB /* FavoritesViewController.swift in Sources */,
				4526D59A1BFF5BEE00DBFA4B /* NSDate+Additions.swift in Sources */,
				45D418AC1C1B935200685DFC /* Brand+CoreDataProperties.swift in Sources */,
				457D1EB81BFBDE9700D451D0 /* ServerManager.swift in Sources */,
				45243C691C17A514005D476D /* UIViewController+Additions.swift in Sources */,
				455D06A61C0388C700D81ABF /* Themes.swift in Sources */,
				45016E571C14EC25004034BC /* Product+CoreDataProperties.swift in Sources */,
				4514066C1C198E2D00872AAD /* TableViewCells.swift in Sources */,
				45E775B41C04828B00FCCCDE /* NewsDetailViewController.swift in Sources */,
				455D06B01C0394E200D81ABF /* SettingsViewController.swift in Sources */,
				4506ED711C221797003B5018 /* LoginViewController.swift in Sources */,
				0D1DF08B1C1DD21600574D98 /* WeChatMomentsActivity.swift in Sources */,
				4549F3E41C25DEF600EAA1DB /* UserViewController.swift in Sources */,
				4534D5491C22FA7A00F4DDA5 /* UIView+Additions.swift in Sources */,
				457D1EBA1BFBE00F00D451D0 /* HTTPRequestOperationManager.swift in Sources */,
				455D06B41C03950300D81ABF /* AccountViewController.swift in Sources */,
				45016E5A1C14F043004034BC /* BaseModel.swift in Sources */,
				4568E2A61BF90797009A6164 /* iPrices.xcdatamodeld in Sources */,
				45D418AD1C1B935200685DFC /* Brand.swift in Sources */,
				457777831BFCB60100805D79 /* News.swift in Sources */,
				45B77F0A1C05A77B002E3385 /* UserManager.swift in Sources */,
				0D1DF08D1C1DD27100574D98 /* WeChatSessionActivity.swift in Sources */,
				455D06C21C03991200D81ABF /* BrandsViewController.swift in Sources */,
				457D1EBC1BFBE0BB00D451D0 /* Constants.swift in Sources */,
				454C2F6A1C26B88900C00C52 /* MBProgressHUD+Additions.swift in Sources */,
				4534D54D1C230EC600F4DDA5 /* String+Additions.swift in Sources */,
				0D7675B71C25BB740090385C /* SharingProvider.swift in Sources */,
			);
			runOnlyForDeploymentPostprocessing = 0;
		};
/* End PBXSourcesBuildPhase section */

/* Begin PBXVariantGroup section */
		455D06AB1C0391A600D81ABF /* InfoPlist.strings */ = {
			isa = PBXVariantGroup;
			children = (
				455D06AA1C0391A600D81ABF /* en */,
				455D06AC1C0391A700D81ABF /* zh-Hans */,
			);
			name = InfoPlist.strings;
			sourceTree = "<group>";
		};
		4577778A1BFCE15700805D79 /* Localizable.strings */ = {
			isa = PBXVariantGroup;
			children = (
				4577778B1BFCE15900805D79 /* en */,
				4577778C1BFCE15A00805D79 /* zh-Hans */,
			);
			name = Localizable.strings;
			sourceTree = "<group>";
		};
/* End PBXVariantGroup section */

/* Begin XCBuildConfiguration section */
		45E7CE341BF8C05F00FAB7D6 /* Debug */ = {
			isa = XCBuildConfiguration;
			buildSettings = {
				ALWAYS_SEARCH_USER_PATHS = NO;
				CLANG_CXX_LANGUAGE_STANDARD = "gnu++0x";
				CLANG_CXX_LIBRARY = "libc++";
				CLANG_ENABLE_MODULES = YES;
				CLANG_ENABLE_OBJC_ARC = YES;
				CLANG_WARN_BOOL_CONVERSION = YES;
				CLANG_WARN_CONSTANT_CONVERSION = YES;
				CLANG_WARN_DIRECT_OBJC_ISA_USAGE = YES_ERROR;
				CLANG_WARN_EMPTY_BODY = YES;
				CLANG_WARN_ENUM_CONVERSION = YES;
				CLANG_WARN_INT_CONVERSION = YES;
				CLANG_WARN_OBJC_ROOT_CLASS = YES_ERROR;
				CLANG_WARN_UNREACHABLE_CODE = YES;
				CLANG_WARN__DUPLICATE_METHOD_MATCH = YES;
				CODE_SIGN_IDENTITY = "iPhone Developer";
				COPY_PHASE_STRIP = NO;
				DEBUG_INFORMATION_FORMAT = dwarf;
				ENABLE_STRICT_OBJC_MSGSEND = YES;
				ENABLE_TESTABILITY = YES;
				GCC_C_LANGUAGE_STANDARD = gnu99;
				GCC_DYNAMIC_NO_PIC = NO;
				GCC_NO_COMMON_BLOCKS = YES;
				GCC_OPTIMIZATION_LEVEL = 0;
				GCC_PREPROCESSOR_DEFINITIONS = (
					"DEBUG=1",
					"$(inherited)",
				);
				GCC_WARN_64_TO_32_BIT_CONVERSION = YES;
				GCC_WARN_ABOUT_RETURN_TYPE = YES_ERROR;
				GCC_WARN_UNDECLARED_SELECTOR = YES;
				GCC_WARN_UNINITIALIZED_AUTOS = YES_AGGRESSIVE;
				GCC_WARN_UNUSED_FUNCTION = YES;
				GCC_WARN_UNUSED_VARIABLE = YES;
				IPHONEOS_DEPLOYMENT_TARGET = 9.0;
				MTL_ENABLE_DEBUG_INFO = YES;
				ONLY_ACTIVE_ARCH = YES;
				SDKROOT = iphoneos;
				SWIFT_OPTIMIZATION_LEVEL = "-Onone";
				TARGETED_DEVICE_FAMILY = "1,2";
			};
			name = Debug;
		};
		45E7CE351BF8C05F00FAB7D6 /* Release */ = {
			isa = XCBuildConfiguration;
			buildSettings = {
				ALWAYS_SEARCH_USER_PATHS = NO;
				CLANG_CXX_LANGUAGE_STANDARD = "gnu++0x";
				CLANG_CXX_LIBRARY = "libc++";
				CLANG_ENABLE_MODULES = YES;
				CLANG_ENABLE_OBJC_ARC = YES;
				CLANG_WARN_BOOL_CONVERSION = YES;
				CLANG_WARN_CONSTANT_CONVERSION = YES;
				CLANG_WARN_DIRECT_OBJC_ISA_USAGE = YES_ERROR;
				CLANG_WARN_EMPTY_BODY = YES;
				CLANG_WARN_ENUM_CONVERSION = YES;
				CLANG_WARN_INT_CONVERSION = YES;
				CLANG_WARN_OBJC_ROOT_CLASS = YES_ERROR;
				CLANG_WARN_UNREACHABLE_CODE = YES;
				CLANG_WARN__DUPLICATE_METHOD_MATCH = YES;
				CODE_SIGN_IDENTITY = "iPhone Distribution";
				COPY_PHASE_STRIP = NO;
				DEBUG_INFORMATION_FORMAT = "dwarf-with-dsym";
				ENABLE_NS_ASSERTIONS = NO;
				ENABLE_STRICT_OBJC_MSGSEND = YES;
				GCC_C_LANGUAGE_STANDARD = gnu99;
				GCC_NO_COMMON_BLOCKS = YES;
				GCC_WARN_64_TO_32_BIT_CONVERSION = YES;
				GCC_WARN_ABOUT_RETURN_TYPE = YES_ERROR;
				GCC_WARN_UNDECLARED_SELECTOR = YES;
				GCC_WARN_UNINITIALIZED_AUTOS = YES_AGGRESSIVE;
				GCC_WARN_UNUSED_FUNCTION = YES;
				GCC_WARN_UNUSED_VARIABLE = YES;
				IPHONEOS_DEPLOYMENT_TARGET = 9.0;
				MTL_ENABLE_DEBUG_INFO = NO;
				SDKROOT = iphoneos;
				TARGETED_DEVICE_FAMILY = "1,2";
				VALIDATE_PRODUCT = YES;
			};
			name = Release;
		};
		45E7CE371BF8C05F00FAB7D6 /* Debug */ = {
			isa = XCBuildConfiguration;
			baseConfigurationReference = 07366AF0A57023FAF6EDEF95 /* Pods.debug.xcconfig */;
			buildSettings = {
				ASSETCATALOG_COMPILER_APPICON_NAME = AppIcon;
				CLANG_ENABLE_MODULES = YES;
				ENABLE_BITCODE = YES;
				INFOPLIST_FILE = "iPrices/Supporting Files/Info.plist";
				LD_RUNPATH_SEARCH_PATHS = "$(inherited) @executable_path/Frameworks";
				LIBRARY_SEARCH_PATHS = (
					"$(inherited)",
					"$(PROJECT_DIR)/iPrices/Sources/Sharing/WeChat/Resources",
				);
				PRODUCT_BUNDLE_IDENTIFIER = "io.woniu.baodating-cjs";
				PRODUCT_NAME = "$(TARGET_NAME)";
				SWIFT_OBJC_BRIDGING_HEADER = "iPrices/Supporting Files/iPrices-Bridging-Header.h";
				SWIFT_OPTIMIZATION_LEVEL = "-Onone";
			};
			name = Debug;
		};
		45E7CE381BF8C05F00FAB7D6 /* Release */ = {
			isa = XCBuildConfiguration;
			baseConfigurationReference = 7458EDDD88FC6BECB47245DE /* Pods.release.xcconfig */;
			buildSettings = {
				ASSETCATALOG_COMPILER_APPICON_NAME = AppIcon;
				CLANG_ENABLE_MODULES = YES;
				ENABLE_BITCODE = YES;
				INFOPLIST_FILE = "iPrices/Supporting Files/Info.plist";
				LD_RUNPATH_SEARCH_PATHS = "$(inherited) @executable_path/Frameworks";
				LIBRARY_SEARCH_PATHS = (
					"$(inherited)",
					"$(PROJECT_DIR)/iPrices/Sources/Sharing/WeChat/Resources",
				);
				PRODUCT_BUNDLE_IDENTIFIER = "io.woniu.baodating-cjs";
				PRODUCT_NAME = "$(TARGET_NAME)";
				SWIFT_OBJC_BRIDGING_HEADER = "iPrices/Supporting Files/iPrices-Bridging-Header.h";
			};
			name = Release;
		};
/* End XCBuildConfiguration section */

/* Begin XCConfigurationList section */
		45E7CE061BF8C05F00FAB7D6 /* Build configuration list for PBXProject "iPrices" */ = {
			isa = XCConfigurationList;
			buildConfigurations = (
				45E7CE341BF8C05F00FAB7D6 /* Debug */,
				45E7CE351BF8C05F00FAB7D6 /* Release */,
			);
			defaultConfigurationIsVisible = 0;
			defaultConfigurationName = Release;
		};
		45E7CE361BF8C05F00FAB7D6 /* Build configuration list for PBXNativeTarget "iPrices" */ = {
			isa = XCConfigurationList;
			buildConfigurations = (
				45E7CE371BF8C05F00FAB7D6 /* Debug */,
				45E7CE381BF8C05F00FAB7D6 /* Release */,
			);
			defaultConfigurationIsVisible = 0;
			defaultConfigurationName = Release;
		};
/* End XCConfigurationList section */

/* Begin XCVersionGroup section */
		4568E2971BF90797009A6164 /* iPrices.xcdatamodeld */ = {
			isa = XCVersionGroup;
			children = (
				4568E2981BF90797009A6164 /* iPrices.xcdatamodel */,
			);
			currentVersion = 4568E2981BF90797009A6164 /* iPrices.xcdatamodel */;
			path = iPrices.xcdatamodeld;
			sourceTree = "<group>";
			versionGroupType = wrapper.xcdatamodel;
		};
/* End XCVersionGroup section */
	};
	rootObject = 45E7CE031BF8C05F00FAB7D6 /* Project object */;
}
