// !$*UTF8*$!
{
	archiveVersion = 1;
	classes = {
	};
	objectVersion = 46;
	objects = {

/* Begin PBXBuildFile section */
		0D05D6551C484B7D00D8A7C2 /* productDescription.html in Resources */ = {isa = PBXBuildFile; fileRef = 0D05D6541C484B7D00D8A7C2 /* productDescription.html */; };
		0D05D6571C485A1900D8A7C2 /* productDescription.css in Resources */ = {isa = PBXBuildFile; fileRef = 0D05D6561C485A1900D8A7C2 /* productDescription.css */; };
		0D05D65B1C4EE91400D8A7C2 /* CurrencyRate.swift in Sources */ = {isa = PBXBuildFile; fileRef = 0D05D65A1C4EE91400D8A7C2 /* CurrencyRate.swift */; };
		0D05D65D1C4EECD200D8A7C2 /* CurrencyRate+CoreDataProperties.swift in Sources */ = {isa = PBXBuildFile; fileRef = 0D05D65C1C4EECD200D8A7C2 /* CurrencyRate+CoreDataProperties.swift */; };
		0D1DF07B1C1DCA8800574D98 /* CoreTelephony.framework in Frameworks */ = {isa = PBXBuildFile; fileRef = 0D1DF07A1C1DCA8800574D98 /* CoreTelephony.framework */; };
		0D1DF07F1C1DCF3C00574D98 /* SystemConfiguration.framework in Frameworks */ = {isa = PBXBuildFile; fileRef = 0D1DF07E1C1DCF3C00574D98 /* SystemConfiguration.framework */; };
		0D1DF0811C1DCF4800574D98 /* libz.tbd in Frameworks */ = {isa = PBXBuildFile; fileRef = 0D1DF0801C1DCF4800574D98 /* libz.tbd */; };
		0D1DF0831C1DCF5600574D98 /* libsqlite3.0.tbd in Frameworks */ = {isa = PBXBuildFile; fileRef = 0D1DF0821C1DCF5600574D98 /* libsqlite3.0.tbd */; };
		0D1DF0851C1DCF6900574D98 /* libc++.tbd in Frameworks */ = {isa = PBXBuildFile; fileRef = 0D1DF0841C1DCF6900574D98 /* libc++.tbd */; };
		0D28BD721C51749E008CCF80 /* CurrencyManager.swift in Sources */ = {isa = PBXBuildFile; fileRef = 0D28BD711C51749E008CCF80 /* CurrencyManager.swift */; };
		0D28BD791C5198C1008CCF80 /* Product+CoreDataProperties.swift in Sources */ = {isa = PBXBuildFile; fileRef = 0D28BD781C5198C1008CCF80 /* Product+CoreDataProperties.swift */; };
		0D783C781C3B1DAF001CC36D /* Analytic.swift in Sources */ = {isa = PBXBuildFile; fileRef = 0D783C771C3B1DAF001CC36D /* Analytic.swift */; };
		0D783C7A1C3B1F04001CC36D /* Analytic+CoreDataProperties.swift in Sources */ = {isa = PBXBuildFile; fileRef = 0D783C791C3B1F04001CC36D /* Analytic+CoreDataProperties.swift */; };
		0D783C7C1C3B2098001CC36D /* Utils.swift in Sources */ = {isa = PBXBuildFile; fileRef = 0D783C7B1C3B2098001CC36D /* Utils.swift */; };
		45016E581C14EC25004034BC /* Product.swift in Sources */ = {isa = PBXBuildFile; fileRef = 45016E561C14EC25004034BC /* Product.swift */; };
		45016E5A1C14F043004034BC /* BaseModel.swift in Sources */ = {isa = PBXBuildFile; fileRef = 45016E591C14F043004034BC /* BaseModel.swift */; };
		45034D121C29954D00026027 /* SharingProvider.swift in Sources */ = {isa = PBXBuildFile; fileRef = 45034D0D1C29954D00026027 /* SharingProvider.swift */; };
		45034D131C29954D00026027 /* WeChatActivityGeneral.swift in Sources */ = {isa = PBXBuildFile; fileRef = 45034D0F1C29954D00026027 /* WeChatActivityGeneral.swift */; };
		45034D141C29954D00026027 /* WeChatMomentsActivity.swift in Sources */ = {isa = PBXBuildFile; fileRef = 45034D101C29954D00026027 /* WeChatMomentsActivity.swift */; };
		45034D151C29954D00026027 /* WeChatSessionActivity.swift in Sources */ = {isa = PBXBuildFile; fileRef = 45034D111C29954D00026027 /* WeChatSessionActivity.swift */; };
		4506ED711C221797003B5018 /* LoginViewController.swift in Sources */ = {isa = PBXBuildFile; fileRef = 4506ED701C221797003B5018 /* LoginViewController.swift */; };
		45243C691C17A514005D476D /* UIViewController+Additions.swift in Sources */ = {isa = PBXBuildFile; fileRef = 45243C681C17A514005D476D /* UIViewController+Additions.swift */; };
		4524C0AD1C67C5D00027046F /* FavoriteProduct+CoreDataProperties.swift in Sources */ = {isa = PBXBuildFile; fileRef = 4524C0AB1C67C5D00027046F /* FavoriteProduct+CoreDataProperties.swift */; };
		4524C0AE1C67C5D00027046F /* FavoriteProduct.swift in Sources */ = {isa = PBXBuildFile; fileRef = 4524C0AC1C67C5D00027046F /* FavoriteProduct.swift */; };
		4525C0F71C5B8B4200C26992 /* Store+CoreDataProperties.swift in Sources */ = {isa = PBXBuildFile; fileRef = 4525C0F31C5B8B4200C26992 /* Store+CoreDataProperties.swift */; };
		4525C0F81C5B8B4200C26992 /* Store.swift in Sources */ = {isa = PBXBuildFile; fileRef = 4525C0F41C5B8B4200C26992 /* Store.swift */; };
		4525C0F91C5B8B4200C26992 /* Region+CoreDataProperties.swift in Sources */ = {isa = PBXBuildFile; fileRef = 4525C0F51C5B8B4200C26992 /* Region+CoreDataProperties.swift */; };
		4525C0FA1C5B8B4200C26992 /* Region.swift in Sources */ = {isa = PBXBuildFile; fileRef = 4525C0F61C5B8B4200C26992 /* Region.swift */; };
		4526D59A1BFF5BEE00DBFA4B /* NSDate+Additions.swift in Sources */ = {isa = PBXBuildFile; fileRef = 4526D5991BFF5BEE00DBFA4B /* NSDate+Additions.swift */; };
		452799AB1C5F743400EF6E23 /* IDMPhotoBrowser+Additions.swift in Sources */ = {isa = PBXBuildFile; fileRef = 452799AA1C5F743400EF6E23 /* IDMPhotoBrowser+Additions.swift */; };
		4534D5491C22FA7A00F4DDA5 /* UIView+Additions.swift in Sources */ = {isa = PBXBuildFile; fileRef = 4534D5481C22FA7A00F4DDA5 /* UIView+Additions.swift */; };
		4534D54B1C230A8E00F4DDA5 /* TextFields.swift in Sources */ = {isa = PBXBuildFile; fileRef = 4534D54A1C230A8E00F4DDA5 /* TextFields.swift */; };
		4534D54D1C230EC600F4DDA5 /* String+Additions.swift in Sources */ = {isa = PBXBuildFile; fileRef = 4534D54C1C230EC600F4DDA5 /* String+Additions.swift */; };
		4537F0701C945EC2002AF33E /* AddressBook.framework in Frameworks */ = {isa = PBXBuildFile; fileRef = 4537F06F1C945EC2002AF33E /* AddressBook.framework */; };
		454499261C6601350075DE82 /* AppData+CoreDataProperties.swift in Sources */ = {isa = PBXBuildFile; fileRef = 454499241C6601350075DE82 /* AppData+CoreDataProperties.swift */; };
		454499271C6601350075DE82 /* AppData.swift in Sources */ = {isa = PBXBuildFile; fileRef = 454499251C6601350075DE82 /* AppData.swift */; };
		4549F3E21C25BF0900EAA1DB /* UserViewController.storyboard in Resources */ = {isa = PBXBuildFile; fileRef = 4549F3E11C25BF0900EAA1DB /* UserViewController.storyboard */; };
		4549F3E61C25DF4000EAA1DB /* FavoritesViewController.swift in Sources */ = {isa = PBXBuildFile; fileRef = 4549F3E51C25DF4000EAA1DB /* FavoritesViewController.swift */; };
		454C2F6A1C26B88900C00C52 /* MBProgressHUD+Additions.swift in Sources */ = {isa = PBXBuildFile; fileRef = 454C2F691C26B88900C00C52 /* MBProgressHUD+Additions.swift */; };
		454ECE9B1C567AE5003A0E94 /* User+CoreDataProperties.swift in Sources */ = {isa = PBXBuildFile; fileRef = 454ECE991C567AE5003A0E94 /* User+CoreDataProperties.swift */; };
		454ECE9C1C567AE5003A0E94 /* User.swift in Sources */ = {isa = PBXBuildFile; fileRef = 454ECE9A1C567AE5003A0E94 /* User.swift */; };
		4555BBAC1BFFEEB500A01B41 /* server.cer in Resources */ = {isa = PBXBuildFile; fileRef = 4555BBAB1BFFEEB500A01B41 /* server.cer */; };
		455D06A61C0388C700D81ABF /* Themes.swift in Sources */ = {isa = PBXBuildFile; fileRef = 455D06A51C0388C700D81ABF /* Themes.swift */; };
		455D06A91C0391A600D81ABF /* InfoPlist.strings in Resources */ = {isa = PBXBuildFile; fileRef = 455D06AB1C0391A600D81ABF /* InfoPlist.strings */; };
		455D06B01C0394E200D81ABF /* SettingsViewController.swift in Sources */ = {isa = PBXBuildFile; fileRef = 455D06AE1C0394E200D81ABF /* SettingsViewController.swift */; };
		455D06B41C03950300D81ABF /* UserViewController.swift in Sources */ = {isa = PBXBuildFile; fileRef = 455D06B31C03950300D81ABF /* UserViewController.swift */; };
		45640AF41C51A934009984EC /* ProfileViewController.swift in Sources */ = {isa = PBXBuildFile; fileRef = 45640AF31C51A934009984EC /* ProfileViewController.swift */; };
		456478F81C6E095C00798EB2 /* 1Password.xcassets in Resources */ = {isa = PBXBuildFile; fileRef = 456478F71C6E095C00798EB2 /* 1Password.xcassets */; };
		4568E2A21BF90797009A6164 /* Assets.xcassets in Resources */ = {isa = PBXBuildFile; fileRef = 4568E28F1BF90797009A6164 /* Assets.xcassets */; };
		4568E2A31BF90797009A6164 /* AppDelegate.swift in Sources */ = {isa = PBXBuildFile; fileRef = 4568E2911BF90797009A6164 /* AppDelegate.swift */; };
		4568E2A61BF90797009A6164 /* Soyou.xcdatamodeld in Sources */ = {isa = PBXBuildFile; fileRef = 4568E2971BF90797009A6164 /* Soyou.xcdatamodeld */; };
		4568E2A71BF90797009A6164 /* NewsViewController.swift in Sources */ = {isa = PBXBuildFile; fileRef = 4568E29B1BF90797009A6164 /* NewsViewController.swift */; };
		4568E2F61BF92182009A6164 /* BaseViewControllers.swift in Sources */ = {isa = PBXBuildFile; fileRef = 4568E2F51BF92182009A6164 /* BaseViewControllers.swift */; };
		4568E2FC1BF938C9009A6164 /* FileManager.swift in Sources */ = {isa = PBXBuildFile; fileRef = 4568E2FB1BF938C9009A6164 /* FileManager.swift */; };
		456B41991C597F83001E66EB /* BaseNews+CoreDataProperties.swift in Sources */ = {isa = PBXBuildFile; fileRef = 456B41971C597F83001E66EB /* BaseNews+CoreDataProperties.swift */; };
		456B419A1C597F83001E66EB /* BaseNews.swift in Sources */ = {isa = PBXBuildFile; fileRef = 456B41981C597F83001E66EB /* BaseNews.swift */; };
		456B419C1C5AD155001E66EB /* MessageUI.framework in Frameworks */ = {isa = PBXBuildFile; fileRef = 456B419B1C5AD155001E66EB /* MessageUI.framework */; };
		456BCABC1C5D0ADD00590295 /* StoreMapViewController.swift in Sources */ = {isa = PBXBuildFile; fileRef = 456BCABB1C5D0ADD00590295 /* StoreMapViewController.swift */; };
		456BCABE1C5D1AD200590295 /* ClusterAnnotationView.swift in Sources */ = {isa = PBXBuildFile; fileRef = 456BCABD1C5D1AD200590295 /* ClusterAnnotationView.swift */; };
		456BCAC01C60117900590295 /* Contacts.framework in Frameworks */ = {isa = PBXBuildFile; fileRef = 456BCABF1C60117900590295 /* Contacts.framework */; };
		456BCAC21C6018D600590295 /* SafariServices.framework in Frameworks */ = {isa = PBXBuildFile; fileRef = 456BCAC11C6018D600590295 /* SafariServices.framework */; };
		456FC8B61C5A5885003D0DF6 /* StoreKit.framework in Frameworks */ = {isa = PBXBuildFile; fileRef = 456FC8B51C5A5885003D0DF6 /* StoreKit.framework */; };
		4570A5851C43DDFA004274DE /* IDMPBLocalizations.bundle in Copy Bundle Resource For IDMPhotoBrowser */ = {isa = PBXBuildFile; fileRef = 4570A5841C43DDFA004274DE /* IDMPBLocalizations.bundle */; settings = {ATTRIBUTES = (RemoveHeadersOnCopy, ); }; };
		457777821BFCB60100805D79 /* News+CoreDataProperties.swift in Sources */ = {isa = PBXBuildFile; fileRef = 457777801BFCB60100805D79 /* News+CoreDataProperties.swift */; };
		457777831BFCB60100805D79 /* News.swift in Sources */ = {isa = PBXBuildFile; fileRef = 457777811BFCB60100805D79 /* News.swift */; };
		457777881BFCE15700805D79 /* Localizable.strings in Resources */ = {isa = PBXBuildFile; fileRef = 4577778A1BFCE15700805D79 /* Localizable.strings */; };
		457777911BFCE4AC00805D79 /* NewsViewController.storyboard in Resources */ = {isa = PBXBuildFile; fileRef = 457777901BFCE4AC00805D79 /* NewsViewController.storyboard */; };
		457D1EB81BFBDE9700D451D0 /* RequestManager.swift in Sources */ = {isa = PBXBuildFile; fileRef = 457D1EB71BFBDE9700D451D0 /* RequestManager.swift */; };
		457D1EBA1BFBE00F00D451D0 /* HTTPRequestOperationManager.swift in Sources */ = {isa = PBXBuildFile; fileRef = 457D1EB91BFBE00F00D451D0 /* HTTPRequestOperationManager.swift */; };
		457D1EBC1BFBE0BB00D451D0 /* Constants.swift in Sources */ = {isa = PBXBuildFile; fileRef = 457D1EBB1BFBE0BB00D451D0 /* Constants.swift */; };
		4590F8C81C5280C800329ECA /* SimpleTableViewController.swift in Sources */ = {isa = PBXBuildFile; fileRef = 4590F8C71C5280C800329ECA /* SimpleTableViewController.swift */; };
		4590F8CA1C52A1AA00329ECA /* TableViewCells.swift in Sources */ = {isa = PBXBuildFile; fileRef = 4590F8C91C52A1AA00329ECA /* TableViewCells.swift */; };
		4590F8CC1C52A34F00329ECA /* TableViewCellSectionHeader.xib in Resources */ = {isa = PBXBuildFile; fileRef = 4590F8CB1C52A34F00329ECA /* TableViewCellSectionHeader.xib */; };
		4590F8CE1C52A60300329ECA /* TableViewCellCenterTitle.xib in Resources */ = {isa = PBXBuildFile; fileRef = 4590F8CD1C52A60300329ECA /* TableViewCellCenterTitle.xib */; };
		4590F8D01C52A60E00329ECA /* TableViewCellIconTitle.xib in Resources */ = {isa = PBXBuildFile; fileRef = 4590F8CF1C52A60E00329ECA /* TableViewCellIconTitle.xib */; };
		459B33FA1C2899CF00C36181 /* AFNetworking+Additions.swift in Sources */ = {isa = PBXBuildFile; fileRef = 459B33F91C2899CF00C36181 /* AFNetworking+Additions.swift */; };
		45A4D8321C08CD200000309C /* news.css in Resources */ = {isa = PBXBuildFile; fileRef = 45A4D8301C08CD200000309C /* news.css */; };
		45A4D8331C08CD200000309C /* news.html in Resources */ = {isa = PBXBuildFile; fileRef = 45A4D8311C08CD200000309C /* news.html */; };
		45ADAB471C6517120040E570 /* TableViewCellIconTitleContent.xib in Resources */ = {isa = PBXBuildFile; fileRef = 45ADAB461C6517120040E570 /* TableViewCellIconTitleContent.xib */; };
		45AE9B491C47C4150081ECBA /* ProductPricesViewController.swift in Sources */ = {isa = PBXBuildFile; fileRef = 45AE9B481C47C4150081ECBA /* ProductPricesViewController.swift */; };
		45AE9B4B1C47C4310081ECBA /* ProductDescriptionsViewController.swift in Sources */ = {isa = PBXBuildFile; fileRef = 45AE9B4A1C47C4310081ECBA /* ProductDescriptionsViewController.swift */; };
		45B77BE61C78CBCC002FBAFE /* StoreMapSearchResultsViewController.swift in Sources */ = {isa = PBXBuildFile; fileRef = 45B77BE51C78CBCC002FBAFE /* StoreMapSearchResultsViewController.swift */; };
		45B77BE81C792B54002FBAFE /* MKPlacemark+Additions.swift in Sources */ = {isa = PBXBuildFile; fileRef = 45B77BE71C792B54002FBAFE /* MKPlacemark+Additions.swift */; };
		45B77F0A1C05A77B002E3385 /* UserManager.swift in Sources */ = {isa = PBXBuildFile; fileRef = 45B77F091C05A77B002E3385 /* UserManager.swift */; };
		45B8233C1C56B8DD0034DA98 /* TableViewCellLeftTitle.xib in Resources */ = {isa = PBXBuildFile; fileRef = 45B8233A1C56B8DD0034DA98 /* TableViewCellLeftTitle.xib */; };
		45B8233D1C56B8DD0034DA98 /* TableViewCellLeftTitleRightDetail.xib in Resources */ = {isa = PBXBuildFile; fileRef = 45B8233B1C56B8DD0034DA98 /* TableViewCellLeftTitleRightDetail.xib */; };
		45B8233F1C56C9260034DA98 /* TableViewCellTextField.xib in Resources */ = {isa = PBXBuildFile; fileRef = 45B8233E1C56C9260034DA98 /* TableViewCellTextField.xib */; };
		45BED0911C8A3DDF002E375B /* DataManager.swift in Sources */ = {isa = PBXBuildFile; fileRef = 45BED0901C8A3DDF002E375B /* DataManager.swift */; };
		45C3AA511C6C99AA00BA7CDE /* IntroViewController.swift in Sources */ = {isa = PBXBuildFile; fileRef = 45C3AA501C6C99AA00BA7CDE /* IntroViewController.swift */; };
		45CD72CB1C189894004583FC /* UITabBar+Additions.swift in Sources */ = {isa = PBXBuildFile; fileRef = 45CD72CA1C189894004583FC /* UITabBar+Additions.swift */; };
		45CD72CD1C189AC6004583FC /* UIToolbar+Additions.swift in Sources */ = {isa = PBXBuildFile; fileRef = 45CD72CC1C189AC6004583FC /* UIToolbar+Additions.swift */; };
		45CFA59B1C2B1585007D38F3 /* BrandsViewController.swift in Sources */ = {isa = PBXBuildFile; fileRef = 45CFA5981C2B1585007D38F3 /* BrandsViewController.swift */; };
		45CFA59C1C2B1585007D38F3 /* BrandViewController.swift in Sources */ = {isa = PBXBuildFile; fileRef = 45CFA5991C2B1585007D38F3 /* BrandViewController.swift */; };
		45CFA59D1C2B1585007D38F3 /* ProductsViewController.storyboard in Resources */ = {isa = PBXBuildFile; fileRef = 45CFA59A1C2B1585007D38F3 /* ProductsViewController.storyboard */; };
		45D418AC1C1B935200685DFC /* Brand+CoreDataProperties.swift in Sources */ = {isa = PBXBuildFile; fileRef = 45D418AA1C1B935200685DFC /* Brand+CoreDataProperties.swift */; };
		45D418AD1C1B935200685DFC /* Brand.swift in Sources */ = {isa = PBXBuildFile; fileRef = 45D418AB1C1B935200685DFC /* Brand.swift */; };
		45D9B36B1C39AE2200D7E899 /* ProductsViewController.swift in Sources */ = {isa = PBXBuildFile; fileRef = 45D9B36A1C39AE2200D7E899 /* ProductsViewController.swift */; };
		45D9B36D1C39B3F600D7E899 /* ProductViewController.swift in Sources */ = {isa = PBXBuildFile; fileRef = 45D9B36C1C39B3F600D7E899 /* ProductViewController.swift */; };
		45DAF6751BFA4DC1007355C8 /* LaunchScreen.storyboard in Resources */ = {isa = PBXBuildFile; fileRef = 45DAF6741BFA4DC1007355C8 /* LaunchScreen.storyboard */; };
		45E67EE01C58EB0500806929 /* FavoriteNews+CoreDataProperties.swift in Sources */ = {isa = PBXBuildFile; fileRef = 45E67EDE1C58EB0500806929 /* FavoriteNews+CoreDataProperties.swift */; };
		45E67EE11C58EB0500806929 /* FavoriteNews.swift in Sources */ = {isa = PBXBuildFile; fileRef = 45E67EDF1C58EB0500806929 /* FavoriteNews.swift */; };
		45E775B41C04828B00FCCCDE /* NewsDetailViewController.swift in Sources */ = {isa = PBXBuildFile; fileRef = 45E775B31C04828B00FCCCDE /* NewsDetailViewController.swift */; };
		45EE7A8A1C3A98D700CC554D /* MapKit.framework in Frameworks */ = {isa = PBXBuildFile; fileRef = 45EE7A891C3A98D700CC554D /* MapKit.framework */; };
		45EE7A8C1C3AE09D00CC554D /* CoreLocation.framework in Frameworks */ = {isa = PBXBuildFile; fileRef = 45EE7A8B1C3AE09D00CC554D /* CoreLocation.framework */; };
		5E03F2F527D7FE43021665B8 /* Pods.framework in Frameworks */ = {isa = PBXBuildFile; fileRef = 7718A3E5C95753364344DC22 /* Pods.framework */; };
/* End PBXBuildFile section */

/* Begin PBXCopyFilesBuildPhase section */
		4570A5831C43DDA1004274DE /* Copy Bundle Resource For IDMPhotoBrowser */ = {
			isa = PBXCopyFilesBuildPhase;
			buildActionMask = 2147483647;
			dstPath = "";
			dstSubfolderSpec = 7;
			files = (
				4570A5851C43DDFA004274DE /* IDMPBLocalizations.bundle in Copy Bundle Resource For IDMPhotoBrowser */,
			);
			name = "Copy Bundle Resource For IDMPhotoBrowser";
			runOnlyForDeploymentPostprocessing = 0;
		};
/* End PBXCopyFilesBuildPhase section */

/* Begin PBXFileReference section */
		07366AF0A57023FAF6EDEF95 /* Pods.debug.xcconfig */ = {isa = PBXFileReference; includeInIndex = 1; lastKnownFileType = text.xcconfig; name = Pods.debug.xcconfig; path = "Pods/Target Support Files/Pods/Pods.debug.xcconfig"; sourceTree = "<group>"; };
		0D05D6541C484B7D00D8A7C2 /* productDescription.html */ = {isa = PBXFileReference; fileEncoding = 4; lastKnownFileType = text.html; path = productDescription.html; sourceTree = "<group>"; };
		0D05D6561C485A1900D8A7C2 /* productDescription.css */ = {isa = PBXFileReference; fileEncoding = 4; lastKnownFileType = text.css; path = productDescription.css; sourceTree = "<group>"; };
		0D05D65A1C4EE91400D8A7C2 /* CurrencyRate.swift */ = {isa = PBXFileReference; fileEncoding = 4; lastKnownFileType = sourcecode.swift; path = CurrencyRate.swift; sourceTree = "<group>"; };
		0D05D65C1C4EECD200D8A7C2 /* CurrencyRate+CoreDataProperties.swift */ = {isa = PBXFileReference; fileEncoding = 4; lastKnownFileType = sourcecode.swift; path = "CurrencyRate+CoreDataProperties.swift"; sourceTree = "<group>"; };
		0D1DF07A1C1DCA8800574D98 /* CoreTelephony.framework */ = {isa = PBXFileReference; lastKnownFileType = wrapper.framework; name = CoreTelephony.framework; path = System/Library/Frameworks/CoreTelephony.framework; sourceTree = SDKROOT; };
		0D1DF07C1C1DCDD400574D98 /* libc++.1.dylib */ = {isa = PBXFileReference; lastKnownFileType = "compiled.mach-o.dylib"; name = "libc++.1.dylib"; path = "../../../../usr/lib/libc++.1.dylib"; sourceTree = "<group>"; };
		0D1DF07E1C1DCF3C00574D98 /* SystemConfiguration.framework */ = {isa = PBXFileReference; lastKnownFileType = wrapper.framework; name = SystemConfiguration.framework; path = System/Library/Frameworks/SystemConfiguration.framework; sourceTree = SDKROOT; };
		0D1DF0801C1DCF4800574D98 /* libz.tbd */ = {isa = PBXFileReference; lastKnownFileType = "sourcecode.text-based-dylib-definition"; name = libz.tbd; path = usr/lib/libz.tbd; sourceTree = SDKROOT; };
		0D1DF0821C1DCF5600574D98 /* libsqlite3.0.tbd */ = {isa = PBXFileReference; lastKnownFileType = "sourcecode.text-based-dylib-definition"; name = libsqlite3.0.tbd; path = usr/lib/libsqlite3.0.tbd; sourceTree = SDKROOT; };
		0D1DF0841C1DCF6900574D98 /* libc++.tbd */ = {isa = PBXFileReference; lastKnownFileType = "sourcecode.text-based-dylib-definition"; name = "libc++.tbd"; path = "usr/lib/libc++.tbd"; sourceTree = SDKROOT; };
		0D28BD711C51749E008CCF80 /* CurrencyManager.swift */ = {isa = PBXFileReference; fileEncoding = 4; lastKnownFileType = sourcecode.swift; path = CurrencyManager.swift; sourceTree = "<group>"; };
		0D28BD781C5198C1008CCF80 /* Product+CoreDataProperties.swift */ = {isa = PBXFileReference; fileEncoding = 4; lastKnownFileType = sourcecode.swift; path = "Product+CoreDataProperties.swift"; sourceTree = "<group>"; };
		0D783C771C3B1DAF001CC36D /* Analytic.swift */ = {isa = PBXFileReference; fileEncoding = 4; lastKnownFileType = sourcecode.swift; path = Analytic.swift; sourceTree = "<group>"; };
		0D783C791C3B1F04001CC36D /* Analytic+CoreDataProperties.swift */ = {isa = PBXFileReference; fileEncoding = 4; lastKnownFileType = sourcecode.swift; path = "Analytic+CoreDataProperties.swift"; sourceTree = "<group>"; };
		0D783C7B1C3B2098001CC36D /* Utils.swift */ = {isa = PBXFileReference; fileEncoding = 4; lastKnownFileType = sourcecode.swift; path = Utils.swift; sourceTree = "<group>"; };
		45016E561C14EC25004034BC /* Product.swift */ = {isa = PBXFileReference; fileEncoding = 4; lastKnownFileType = sourcecode.swift; path = Product.swift; sourceTree = "<group>"; };
		45016E591C14F043004034BC /* BaseModel.swift */ = {isa = PBXFileReference; fileEncoding = 4; lastKnownFileType = sourcecode.swift; path = BaseModel.swift; sourceTree = "<group>"; };
		45034D0D1C29954D00026027 /* SharingProvider.swift */ = {isa = PBXFileReference; fileEncoding = 4; lastKnownFileType = sourcecode.swift; path = SharingProvider.swift; sourceTree = "<group>"; };
		45034D0F1C29954D00026027 /* WeChatActivityGeneral.swift */ = {isa = PBXFileReference; fileEncoding = 4; lastKnownFileType = sourcecode.swift; path = WeChatActivityGeneral.swift; sourceTree = "<group>"; };
		45034D101C29954D00026027 /* WeChatMomentsActivity.swift */ = {isa = PBXFileReference; fileEncoding = 4; lastKnownFileType = sourcecode.swift; path = WeChatMomentsActivity.swift; sourceTree = "<group>"; };
		45034D111C29954D00026027 /* WeChatSessionActivity.swift */ = {isa = PBXFileReference; fileEncoding = 4; lastKnownFileType = sourcecode.swift; path = WeChatSessionActivity.swift; sourceTree = "<group>"; };
		4506ED701C221797003B5018 /* LoginViewController.swift */ = {isa = PBXFileReference; fileEncoding = 4; lastKnownFileType = sourcecode.swift; path = LoginViewController.swift; sourceTree = "<group>"; };
		45243C681C17A514005D476D /* UIViewController+Additions.swift */ = {isa = PBXFileReference; fileEncoding = 4; lastKnownFileType = sourcecode.swift; path = "UIViewController+Additions.swift"; sourceTree = "<group>"; };
		4524C0AB1C67C5D00027046F /* FavoriteProduct+CoreDataProperties.swift */ = {isa = PBXFileReference; fileEncoding = 4; lastKnownFileType = sourcecode.swift; path = "FavoriteProduct+CoreDataProperties.swift"; sourceTree = "<group>"; };
		4524C0AC1C67C5D00027046F /* FavoriteProduct.swift */ = {isa = PBXFileReference; fileEncoding = 4; lastKnownFileType = sourcecode.swift; path = FavoriteProduct.swift; sourceTree = "<group>"; };
		4525C0F31C5B8B4200C26992 /* Store+CoreDataProperties.swift */ = {isa = PBXFileReference; fileEncoding = 4; lastKnownFileType = sourcecode.swift; path = "Store+CoreDataProperties.swift"; sourceTree = "<group>"; };
		4525C0F41C5B8B4200C26992 /* Store.swift */ = {isa = PBXFileReference; fileEncoding = 4; lastKnownFileType = sourcecode.swift; path = Store.swift; sourceTree = "<group>"; };
		4525C0F51C5B8B4200C26992 /* Region+CoreDataProperties.swift */ = {isa = PBXFileReference; fileEncoding = 4; lastKnownFileType = sourcecode.swift; path = "Region+CoreDataProperties.swift"; sourceTree = "<group>"; };
		4525C0F61C5B8B4200C26992 /* Region.swift */ = {isa = PBXFileReference; fileEncoding = 4; lastKnownFileType = sourcecode.swift; path = Region.swift; sourceTree = "<group>"; };
		4526D5991BFF5BEE00DBFA4B /* NSDate+Additions.swift */ = {isa = PBXFileReference; fileEncoding = 4; lastKnownFileType = sourcecode.swift; path = "NSDate+Additions.swift"; sourceTree = "<group>"; };
		452799AA1C5F743400EF6E23 /* IDMPhotoBrowser+Additions.swift */ = {isa = PBXFileReference; fileEncoding = 4; lastKnownFileType = sourcecode.swift; path = "IDMPhotoBrowser+Additions.swift"; sourceTree = "<group>"; };
		4534D5481C22FA7A00F4DDA5 /* UIView+Additions.swift */ = {isa = PBXFileReference; fileEncoding = 4; lastKnownFileType = sourcecode.swift; path = "UIView+Additions.swift"; sourceTree = "<group>"; };
		4534D54A1C230A8E00F4DDA5 /* TextFields.swift */ = {isa = PBXFileReference; fileEncoding = 4; lastKnownFileType = sourcecode.swift; path = TextFields.swift; sourceTree = "<group>"; };
		4534D54C1C230EC600F4DDA5 /* String+Additions.swift */ = {isa = PBXFileReference; fileEncoding = 4; lastKnownFileType = sourcecode.swift; path = "String+Additions.swift"; sourceTree = "<group>"; };
		4537F06F1C945EC2002AF33E /* AddressBook.framework */ = {isa = PBXFileReference; lastKnownFileType = wrapper.framework; name = AddressBook.framework; path = System/Library/Frameworks/AddressBook.framework; sourceTree = SDKROOT; };
		454499241C6601350075DE82 /* AppData+CoreDataProperties.swift */ = {isa = PBXFileReference; fileEncoding = 4; lastKnownFileType = sourcecode.swift; path = "AppData+CoreDataProperties.swift"; sourceTree = "<group>"; };
		454499251C6601350075DE82 /* AppData.swift */ = {isa = PBXFileReference; fileEncoding = 4; lastKnownFileType = sourcecode.swift; path = AppData.swift; sourceTree = "<group>"; };
		4549F3E11C25BF0900EAA1DB /* UserViewController.storyboard */ = {isa = PBXFileReference; fileEncoding = 4; lastKnownFileType = file.storyboard; path = UserViewController.storyboard; sourceTree = "<group>"; };
		4549F3E51C25DF4000EAA1DB /* FavoritesViewController.swift */ = {isa = PBXFileReference; fileEncoding = 4; lastKnownFileType = sourcecode.swift; path = FavoritesViewController.swift; sourceTree = "<group>"; };
		454C2F691C26B88900C00C52 /* MBProgressHUD+Additions.swift */ = {isa = PBXFileReference; fileEncoding = 4; lastKnownFileType = sourcecode.swift; path = "MBProgressHUD+Additions.swift"; sourceTree = "<group>"; };
		454ECE991C567AE5003A0E94 /* User+CoreDataProperties.swift */ = {isa = PBXFileReference; fileEncoding = 4; lastKnownFileType = sourcecode.swift; path = "User+CoreDataProperties.swift"; sourceTree = "<group>"; };
		454ECE9A1C567AE5003A0E94 /* User.swift */ = {isa = PBXFileReference; fileEncoding = 4; lastKnownFileType = sourcecode.swift; path = User.swift; sourceTree = "<group>"; };
		4555BBAB1BFFEEB500A01B41 /* server.cer */ = {isa = PBXFileReference; fileEncoding = 4; lastKnownFileType = text; path = server.cer; sourceTree = "<group>"; };
		455D06A51C0388C700D81ABF /* Themes.swift */ = {isa = PBXFileReference; fileEncoding = 4; lastKnownFileType = sourcecode.swift; path = Themes.swift; sourceTree = "<group>"; };
		455D06AA1C0391A600D81ABF /* en */ = {isa = PBXFileReference; lastKnownFileType = text.plist.strings; name = en; path = en.lproj/InfoPlist.strings; sourceTree = "<group>"; };
		455D06AC1C0391A700D81ABF /* zh-Hans */ = {isa = PBXFileReference; lastKnownFileType = text.plist.strings; name = "zh-Hans"; path = "zh-Hans.lproj/InfoPlist.strings"; sourceTree = "<group>"; };
		455D06AE1C0394E200D81ABF /* SettingsViewController.swift */ = {isa = PBXFileReference; fileEncoding = 4; lastKnownFileType = sourcecode.swift; path = SettingsViewController.swift; sourceTree = "<group>"; };
		455D06B31C03950300D81ABF /* UserViewController.swift */ = {isa = PBXFileReference; fileEncoding = 4; lastKnownFileType = sourcecode.swift; path = UserViewController.swift; sourceTree = "<group>"; };
		45640AF31C51A934009984EC /* ProfileViewController.swift */ = {isa = PBXFileReference; fileEncoding = 4; lastKnownFileType = sourcecode.swift; path = ProfileViewController.swift; sourceTree = "<group>"; };
		456478F71C6E095C00798EB2 /* 1Password.xcassets */ = {isa = PBXFileReference; lastKnownFileType = folder.assetcatalog; name = 1Password.xcassets; path = Pods/1PasswordExtension/1Password.xcassets; sourceTree = SOURCE_ROOT; };
		4568E28F1BF90797009A6164 /* Assets.xcassets */ = {isa = PBXFileReference; lastKnownFileType = folder.assetcatalog; path = Assets.xcassets; sourceTree = "<group>"; };
		4568E2911BF90797009A6164 /* AppDelegate.swift */ = {isa = PBXFileReference; fileEncoding = 4; lastKnownFileType = sourcecode.swift; path = AppDelegate.swift; sourceTree = "<group>"; };
		4568E2981BF90797009A6164 /* Soyou.xcdatamodel */ = {isa = PBXFileReference; lastKnownFileType = wrapper.xcdatamodel; path = Soyou.xcdatamodel; sourceTree = "<group>"; };
		4568E29B1BF90797009A6164 /* NewsViewController.swift */ = {isa = PBXFileReference; fileEncoding = 4; lastKnownFileType = sourcecode.swift; path = NewsViewController.swift; sourceTree = "<group>"; };
		4568E29D1BF90797009A6164 /* Info.plist */ = {isa = PBXFileReference; fileEncoding = 4; lastKnownFileType = text.plist.xml; path = Info.plist; sourceTree = "<group>"; };
		4568E2F51BF92182009A6164 /* BaseViewControllers.swift */ = {isa = PBXFileReference; fileEncoding = 4; lastKnownFileType = sourcecode.swift; path = BaseViewControllers.swift; sourceTree = "<group>"; };
		4568E2F71BF922B7009A6164 /* Soyou-Bridging-Header.h */ = {isa = PBXFileReference; lastKnownFileType = sourcecode.c.h; path = "Soyou-Bridging-Header.h"; sourceTree = "<group>"; };
		4568E2FB1BF938C9009A6164 /* FileManager.swift */ = {isa = PBXFileReference; fileEncoding = 4; lastKnownFileType = sourcecode.swift; path = FileManager.swift; sourceTree = "<group>"; };
		456B41971C597F83001E66EB /* BaseNews+CoreDataProperties.swift */ = {isa = PBXFileReference; fileEncoding = 4; lastKnownFileType = sourcecode.swift; path = "BaseNews+CoreDataProperties.swift"; sourceTree = "<group>"; };
		456B41981C597F83001E66EB /* BaseNews.swift */ = {isa = PBXFileReference; fileEncoding = 4; lastKnownFileType = sourcecode.swift; path = BaseNews.swift; sourceTree = "<group>"; };
		456B419B1C5AD155001E66EB /* MessageUI.framework */ = {isa = PBXFileReference; lastKnownFileType = wrapper.framework; name = MessageUI.framework; path = System/Library/Frameworks/MessageUI.framework; sourceTree = SDKROOT; };
		456BCABB1C5D0ADD00590295 /* StoreMapViewController.swift */ = {isa = PBXFileReference; fileEncoding = 4; lastKnownFileType = sourcecode.swift; path = StoreMapViewController.swift; sourceTree = "<group>"; };
		456BCABD1C5D1AD200590295 /* ClusterAnnotationView.swift */ = {isa = PBXFileReference; fileEncoding = 4; lastKnownFileType = sourcecode.swift; path = ClusterAnnotationView.swift; sourceTree = "<group>"; };
		456BCABF1C60117900590295 /* Contacts.framework */ = {isa = PBXFileReference; lastKnownFileType = wrapper.framework; name = Contacts.framework; path = System/Library/Frameworks/Contacts.framework; sourceTree = SDKROOT; };
		456BCAC11C6018D600590295 /* SafariServices.framework */ = {isa = PBXFileReference; lastKnownFileType = wrapper.framework; name = SafariServices.framework; path = System/Library/Frameworks/SafariServices.framework; sourceTree = SDKROOT; };
		456FC8B51C5A5885003D0DF6 /* StoreKit.framework */ = {isa = PBXFileReference; lastKnownFileType = wrapper.framework; name = StoreKit.framework; path = System/Library/Frameworks/StoreKit.framework; sourceTree = SDKROOT; };
		4570A5841C43DDFA004274DE /* IDMPBLocalizations.bundle */ = {isa = PBXFileReference; lastKnownFileType = "wrapper.plug-in"; name = IDMPBLocalizations.bundle; path = ../../Pods/IDMPhotoBrowser/Classes/IDMPBLocalizations.bundle; sourceTree = "<group>"; };
		457777801BFCB60100805D79 /* News+CoreDataProperties.swift */ = {isa = PBXFileReference; fileEncoding = 4; lastKnownFileType = sourcecode.swift; path = "News+CoreDataProperties.swift"; sourceTree = "<group>"; };
		457777811BFCB60100805D79 /* News.swift */ = {isa = PBXFileReference; fileEncoding = 4; lastKnownFileType = sourcecode.swift; path = News.swift; sourceTree = "<group>"; };
		4577778B1BFCE15900805D79 /* en */ = {isa = PBXFileReference; lastKnownFileType = text.plist.strings; name = en; path = en.lproj/Localizable.strings; sourceTree = "<group>"; };
		4577778C1BFCE15A00805D79 /* zh-Hans */ = {isa = PBXFileReference; lastKnownFileType = text.plist.strings; name = "zh-Hans"; path = "zh-Hans.lproj/Localizable.strings"; sourceTree = "<group>"; };
		457777901BFCE4AC00805D79 /* NewsViewController.storyboard */ = {isa = PBXFileReference; fileEncoding = 4; lastKnownFileType = file.storyboard; path = NewsViewController.storyboard; sourceTree = "<group>"; };
		457D1EB71BFBDE9700D451D0 /* RequestManager.swift */ = {isa = PBXFileReference; fileEncoding = 4; lastKnownFileType = sourcecode.swift; path = RequestManager.swift; sourceTree = "<group>"; };
		457D1EB91BFBE00F00D451D0 /* HTTPRequestOperationManager.swift */ = {isa = PBXFileReference; fileEncoding = 4; lastKnownFileType = sourcecode.swift; path = HTTPRequestOperationManager.swift; sourceTree = "<group>"; };
		457D1EBB1BFBE0BB00D451D0 /* Constants.swift */ = {isa = PBXFileReference; fileEncoding = 4; lastKnownFileType = sourcecode.swift; path = Constants.swift; sourceTree = "<group>"; };
		4590F8C71C5280C800329ECA /* SimpleTableViewController.swift */ = {isa = PBXFileReference; fileEncoding = 4; lastKnownFileType = sourcecode.swift; path = SimpleTableViewController.swift; sourceTree = "<group>"; };
		4590F8C91C52A1AA00329ECA /* TableViewCells.swift */ = {isa = PBXFileReference; fileEncoding = 4; lastKnownFileType = sourcecode.swift; path = TableViewCells.swift; sourceTree = "<group>"; };
		4590F8CB1C52A34F00329ECA /* TableViewCellSectionHeader.xib */ = {isa = PBXFileReference; fileEncoding = 4; lastKnownFileType = file.xib; path = TableViewCellSectionHeader.xib; sourceTree = "<group>"; };
		4590F8CD1C52A60300329ECA /* TableViewCellCenterTitle.xib */ = {isa = PBXFileReference; fileEncoding = 4; lastKnownFileType = file.xib; path = TableViewCellCenterTitle.xib; sourceTree = "<group>"; };
		4590F8CF1C52A60E00329ECA /* TableViewCellIconTitle.xib */ = {isa = PBXFileReference; fileEncoding = 4; lastKnownFileType = file.xib; path = TableViewCellIconTitle.xib; sourceTree = "<group>"; };
		459B33F91C2899CF00C36181 /* AFNetworking+Additions.swift */ = {isa = PBXFileReference; fileEncoding = 4; lastKnownFileType = sourcecode.swift; path = "AFNetworking+Additions.swift"; sourceTree = "<group>"; };
		45A4D8301C08CD200000309C /* news.css */ = {isa = PBXFileReference; fileEncoding = 4; lastKnownFileType = text.css; path = news.css; sourceTree = "<group>"; };
		45A4D8311C08CD200000309C /* news.html */ = {isa = PBXFileReference; fileEncoding = 4; lastKnownFileType = text.html; path = news.html; sourceTree = "<group>"; };
		45ADAB461C6517120040E570 /* TableViewCellIconTitleContent.xib */ = {isa = PBXFileReference; fileEncoding = 4; lastKnownFileType = file.xib; path = TableViewCellIconTitleContent.xib; sourceTree = "<group>"; };
		45AE9B481C47C4150081ECBA /* ProductPricesViewController.swift */ = {isa = PBXFileReference; fileEncoding = 4; lastKnownFileType = sourcecode.swift; path = ProductPricesViewController.swift; sourceTree = "<group>"; };
		45AE9B4A1C47C4310081ECBA /* ProductDescriptionsViewController.swift */ = {isa = PBXFileReference; fileEncoding = 4; lastKnownFileType = sourcecode.swift; path = ProductDescriptionsViewController.swift; sourceTree = "<group>"; };
		45B77BE51C78CBCC002FBAFE /* StoreMapSearchResultsViewController.swift */ = {isa = PBXFileReference; fileEncoding = 4; lastKnownFileType = sourcecode.swift; path = StoreMapSearchResultsViewController.swift; sourceTree = "<group>"; };
		45B77BE71C792B54002FBAFE /* MKPlacemark+Additions.swift */ = {isa = PBXFileReference; fileEncoding = 4; lastKnownFileType = sourcecode.swift; path = "MKPlacemark+Additions.swift"; sourceTree = "<group>"; };
		45B77F091C05A77B002E3385 /* UserManager.swift */ = {isa = PBXFileReference; fileEncoding = 4; lastKnownFileType = sourcecode.swift; path = UserManager.swift; sourceTree = "<group>"; };
		45B8233A1C56B8DD0034DA98 /* TableViewCellLeftTitle.xib */ = {isa = PBXFileReference; fileEncoding = 4; lastKnownFileType = file.xib; path = TableViewCellLeftTitle.xib; sourceTree = "<group>"; };
		45B8233B1C56B8DD0034DA98 /* TableViewCellLeftTitleRightDetail.xib */ = {isa = PBXFileReference; fileEncoding = 4; lastKnownFileType = file.xib; path = TableViewCellLeftTitleRightDetail.xib; sourceTree = "<group>"; };
		45B8233E1C56C9260034DA98 /* TableViewCellTextField.xib */ = {isa = PBXFileReference; fileEncoding = 4; lastKnownFileType = file.xib; path = TableViewCellTextField.xib; sourceTree = "<group>"; };
		45BED0901C8A3DDF002E375B /* DataManager.swift */ = {isa = PBXFileReference; fileEncoding = 4; lastKnownFileType = sourcecode.swift; path = DataManager.swift; sourceTree = "<group>"; };
		45C3AA501C6C99AA00BA7CDE /* IntroViewController.swift */ = {isa = PBXFileReference; fileEncoding = 4; lastKnownFileType = sourcecode.swift; path = IntroViewController.swift; sourceTree = "<group>"; };
		45CD72CA1C189894004583FC /* UITabBar+Additions.swift */ = {isa = PBXFileReference; fileEncoding = 4; lastKnownFileType = sourcecode.swift; path = "UITabBar+Additions.swift"; sourceTree = "<group>"; };
		45CD72CC1C189AC6004583FC /* UIToolbar+Additions.swift */ = {isa = PBXFileReference; fileEncoding = 4; lastKnownFileType = sourcecode.swift; path = "UIToolbar+Additions.swift"; sourceTree = "<group>"; };
		45CFA5981C2B1585007D38F3 /* BrandsViewController.swift */ = {isa = PBXFileReference; fileEncoding = 4; lastKnownFileType = sourcecode.swift; path = BrandsViewController.swift; sourceTree = "<group>"; };
		45CFA5991C2B1585007D38F3 /* BrandViewController.swift */ = {isa = PBXFileReference; fileEncoding = 4; lastKnownFileType = sourcecode.swift; path = BrandViewController.swift; sourceTree = "<group>"; };
		45CFA59A1C2B1585007D38F3 /* ProductsViewController.storyboard */ = {isa = PBXFileReference; fileEncoding = 4; lastKnownFileType = file.storyboard; path = ProductsViewController.storyboard; sourceTree = "<group>"; };
		45D418AA1C1B935200685DFC /* Brand+CoreDataProperties.swift */ = {isa = PBXFileReference; fileEncoding = 4; lastKnownFileType = sourcecode.swift; path = "Brand+CoreDataProperties.swift"; sourceTree = "<group>"; };
		45D418AB1C1B935200685DFC /* Brand.swift */ = {isa = PBXFileReference; fileEncoding = 4; lastKnownFileType = sourcecode.swift; path = Brand.swift; sourceTree = "<group>"; };
		45D9B36A1C39AE2200D7E899 /* ProductsViewController.swift */ = {isa = PBXFileReference; fileEncoding = 4; lastKnownFileType = sourcecode.swift; path = ProductsViewController.swift; sourceTree = "<group>"; };
		45D9B36C1C39B3F600D7E899 /* ProductViewController.swift */ = {isa = PBXFileReference; fileEncoding = 4; lastKnownFileType = sourcecode.swift; path = ProductViewController.swift; sourceTree = "<group>"; };
		45DAF6741BFA4DC1007355C8 /* LaunchScreen.storyboard */ = {isa = PBXFileReference; fileEncoding = 4; lastKnownFileType = file.storyboard; path = LaunchScreen.storyboard; sourceTree = "<group>"; };
		45E67EDE1C58EB0500806929 /* FavoriteNews+CoreDataProperties.swift */ = {isa = PBXFileReference; fileEncoding = 4; lastKnownFileType = sourcecode.swift; path = "FavoriteNews+CoreDataProperties.swift"; sourceTree = "<group>"; };
		45E67EDF1C58EB0500806929 /* FavoriteNews.swift */ = {isa = PBXFileReference; fileEncoding = 4; lastKnownFileType = sourcecode.swift; path = FavoriteNews.swift; sourceTree = "<group>"; };
		45E775B31C04828B00FCCCDE /* NewsDetailViewController.swift */ = {isa = PBXFileReference; fileEncoding = 4; lastKnownFileType = sourcecode.swift; path = NewsDetailViewController.swift; sourceTree = "<group>"; };
		45E7CE0B1BF8C05F00FAB7D6 /* Soyou.app */ = {isa = PBXFileReference; explicitFileType = wrapper.application; includeInIndex = 0; path = Soyou.app; sourceTree = BUILT_PRODUCTS_DIR; };
		45EE7A891C3A98D700CC554D /* MapKit.framework */ = {isa = PBXFileReference; lastKnownFileType = wrapper.framework; name = MapKit.framework; path = System/Library/Frameworks/MapKit.framework; sourceTree = SDKROOT; };
		45EE7A8B1C3AE09D00CC554D /* CoreLocation.framework */ = {isa = PBXFileReference; lastKnownFileType = wrapper.framework; name = CoreLocation.framework; path = System/Library/Frameworks/CoreLocation.framework; sourceTree = SDKROOT; };
		7458EDDD88FC6BECB47245DE /* Pods.release.xcconfig */ = {isa = PBXFileReference; includeInIndex = 1; lastKnownFileType = text.xcconfig; name = Pods.release.xcconfig; path = "Pods/Target Support Files/Pods/Pods.release.xcconfig"; sourceTree = "<group>"; };
		7718A3E5C95753364344DC22 /* Pods.framework */ = {isa = PBXFileReference; explicitFileType = wrapper.framework; includeInIndex = 0; path = Pods.framework; sourceTree = BUILT_PRODUCTS_DIR; };
/* End PBXFileReference section */

/* Begin PBXFrameworksBuildPhase section */
		45E7CE081BF8C05F00FAB7D6 /* Frameworks */ = {
			isa = PBXFrameworksBuildPhase;
			buildActionMask = 2147483647;
			files = (
				4537F0701C945EC2002AF33E /* AddressBook.framework in Frameworks */,
				456BCAC21C6018D600590295 /* SafariServices.framework in Frameworks */,
				456BCAC01C60117900590295 /* Contacts.framework in Frameworks */,
				456B419C1C5AD155001E66EB /* MessageUI.framework in Frameworks */,
				456FC8B61C5A5885003D0DF6 /* StoreKit.framework in Frameworks */,
				45EE7A8C1C3AE09D00CC554D /* CoreLocation.framework in Frameworks */,
				45EE7A8A1C3A98D700CC554D /* MapKit.framework in Frameworks */,
				0D1DF0851C1DCF6900574D98 /* libc++.tbd in Frameworks */,
				0D1DF0831C1DCF5600574D98 /* libsqlite3.0.tbd in Frameworks */,
				0D1DF0811C1DCF4800574D98 /* libz.tbd in Frameworks */,
				0D1DF07F1C1DCF3C00574D98 /* SystemConfiguration.framework in Frameworks */,
				0D1DF07B1C1DCA8800574D98 /* CoreTelephony.framework in Frameworks */,
				5E03F2F527D7FE43021665B8 /* Pods.framework in Frameworks */,
			);
			runOnlyForDeploymentPostprocessing = 0;
		};
/* End PBXFrameworksBuildPhase section */

/* Begin PBXGroup section */
		45034D0C1C29954D00026027 /* Sharing */ = {
			isa = PBXGroup;
			children = (
				45034D0D1C29954D00026027 /* SharingProvider.swift */,
				45034D0E1C29954D00026027 /* WeChat */,
			);
			path = Sharing;
			sourceTree = "<group>";
		};
		45034D0E1C29954D00026027 /* WeChat */ = {
			isa = PBXGroup;
			children = (
				45034D0F1C29954D00026027 /* WeChatActivityGeneral.swift */,
				45034D101C29954D00026027 /* WeChatMomentsActivity.swift */,
				45034D111C29954D00026027 /* WeChatSessionActivity.swift */,
			);
			path = WeChat;
			sourceTree = "<group>";
		};
		4526D5981BFF5BEE00DBFA4B /* Additions */ = {
			isa = PBXGroup;
			children = (
				459B33F91C2899CF00C36181 /* AFNetworking+Additions.swift */,
				452799AA1C5F743400EF6E23 /* IDMPhotoBrowser+Additions.swift */,
				454C2F691C26B88900C00C52 /* MBProgressHUD+Additions.swift */,
				45B77BE71C792B54002FBAFE /* MKPlacemark+Additions.swift */,
				4526D5991BFF5BEE00DBFA4B /* NSDate+Additions.swift */,
				4534D54C1C230EC600F4DDA5 /* String+Additions.swift */,
				45243C681C17A514005D476D /* UIViewController+Additions.swift */,
				45CD72CA1C189894004583FC /* UITabBar+Additions.swift */,
				45CD72CC1C189AC6004583FC /* UIToolbar+Additions.swift */,
				4534D5481C22FA7A00F4DDA5 /* UIView+Additions.swift */,
			);
			path = Additions;
			sourceTree = "<group>";
		};
		455D06AD1C0394E200D81ABF /* User */ = {
			isa = PBXGroup;
			children = (
				4549F3E11C25BF0900EAA1DB /* UserViewController.storyboard */,
				455D06B31C03950300D81ABF /* UserViewController.swift */,
				4549F3E51C25DF4000EAA1DB /* FavoritesViewController.swift */,
				4506ED701C221797003B5018 /* LoginViewController.swift */,
				45640AF31C51A934009984EC /* ProfileViewController.swift */,
				455D06AE1C0394E200D81ABF /* SettingsViewController.swift */,
				45C3AA501C6C99AA00BA7CDE /* IntroViewController.swift */,
			);
			name = User;
			path = Soyou/Sources/Modules/Account;
			sourceTree = SOURCE_ROOT;
		};
		4568E28E1BF90797009A6164 /* Resources */ = {
			isa = PBXGroup;
			children = (
				456478F71C6E095C00798EB2 /* 1Password.xcassets */,
				4570A5841C43DDFA004274DE /* IDMPBLocalizations.bundle */,
				4568E28F1BF90797009A6164 /* Assets.xcassets */,
				45DAF6741BFA4DC1007355C8 /* LaunchScreen.storyboard */,
				4555BBAB1BFFEEB500A01B41 /* server.cer */,
				45A4D8301C08CD200000309C /* news.css */,
				45A4D8311C08CD200000309C /* news.html */,
				0D05D6541C484B7D00D8A7C2 /* productDescription.html */,
				0D05D6561C485A1900D8A7C2 /* productDescription.css */,
			);
			name = Resources;
			path = Soyou/Resources;
			sourceTree = "<group>";
		};
		4568E2901BF90797009A6164 /* Sources */ = {
			isa = PBXGroup;
			children = (
				4568E2911BF90797009A6164 /* AppDelegate.swift */,
				4568E2961BF90797009A6164 /* CoreData */,
				4568E2991BF90797009A6164 /* Modules */,
				4568E2AD1BF91FD4009A6164 /* Network */,
				4568E2AE1BF91FD4009A6164 /* Utilities */,
			);
			name = Sources;
			path = Soyou/Sources;
			sourceTree = "<group>";
		};
		4568E2961BF90797009A6164 /* CoreData */ = {
			isa = PBXGroup;
			children = (
				4577777B1BFC7D3700805D79 /* Models */,
				4568E2971BF90797009A6164 /* Soyou.xcdatamodeld */,
			);
			path = CoreData;
			sourceTree = "<group>";
		};
		4568E2991BF90797009A6164 /* Modules */ = {
			isa = PBXGroup;
			children = (
				4568E2F41BF92171009A6164 /* Common */,
				4568E29A1BF90797009A6164 /* News */,
				45CFA5971C2B1585007D38F3 /* Products */,
				455D06AD1C0394E200D81ABF /* User */,
			);
			path = Modules;
			sourceTree = "<group>";
		};
		4568E29A1BF90797009A6164 /* News */ = {
			isa = PBXGroup;
			children = (
				457777901BFCE4AC00805D79 /* NewsViewController.storyboard */,
				4568E29B1BF90797009A6164 /* NewsViewController.swift */,
				45E775B31C04828B00FCCCDE /* NewsDetailViewController.swift */,
			);
			path = News;
			sourceTree = "<group>";
		};
		4568E29C1BF90797009A6164 /* Supporting Files */ = {
			isa = PBXGroup;
			children = (
				4568E29D1BF90797009A6164 /* Info.plist */,
				4568E2F71BF922B7009A6164 /* Soyou-Bridging-Header.h */,
				4577778A1BFCE15700805D79 /* Localizable.strings */,
				455D06AB1C0391A600D81ABF /* InfoPlist.strings */,
			);
			name = "Supporting Files";
			path = "Soyou/Supporting Files";
			sourceTree = "<group>";
		};
		4568E2AD1BF91FD4009A6164 /* Network */ = {
			isa = PBXGroup;
			children = (
				457D1EB91BFBE00F00D451D0 /* HTTPRequestOperationManager.swift */,
				457D1EB71BFBDE9700D451D0 /* RequestManager.swift */,
			);
			path = Network;
			sourceTree = "<group>";
		};
		4568E2AE1BF91FD4009A6164 /* Utilities */ = {
			isa = PBXGroup;
			children = (
				4526D5981BFF5BEE00DBFA4B /* Additions */,
				457777921BFCE97D00805D79 /* CustomUI */,
				45034D0C1C29954D00026027 /* Sharing */,
				457D1EBB1BFBE0BB00D451D0 /* Constants.swift */,
				0D28BD711C51749E008CCF80 /* CurrencyManager.swift */,
				45BED0901C8A3DDF002E375B /* DataManager.swift */,
				4568E2FB1BF938C9009A6164 /* FileManager.swift */,
				45B77F091C05A77B002E3385 /* UserManager.swift */,
				0D783C7B1C3B2098001CC36D /* Utils.swift */,
			);
			path = Utilities;
			sourceTree = "<group>";
		};
		4568E2F41BF92171009A6164 /* Common */ = {
			isa = PBXGroup;
			children = (
				4568E2F51BF92182009A6164 /* BaseViewControllers.swift */,
				4590F8C71C5280C800329ECA /* SimpleTableViewController.swift */,
			);
			path = Common;
			sourceTree = "<group>";
		};
		4577777B1BFC7D3700805D79 /* Models */ = {
			isa = PBXGroup;
			children = (
				45016E591C14F043004034BC /* BaseModel.swift */,
				0D783C791C3B1F04001CC36D /* Analytic+CoreDataProperties.swift */,
				0D783C771C3B1DAF001CC36D /* Analytic.swift */,
				454499241C6601350075DE82 /* AppData+CoreDataProperties.swift */,
				454499251C6601350075DE82 /* AppData.swift */,
				456B41971C597F83001E66EB /* BaseNews+CoreDataProperties.swift */,
				456B41981C597F83001E66EB /* BaseNews.swift */,
				45D418AA1C1B935200685DFC /* Brand+CoreDataProperties.swift */,
				45D418AB1C1B935200685DFC /* Brand.swift */,
				0D05D65C1C4EECD200D8A7C2 /* CurrencyRate+CoreDataProperties.swift */,
				0D05D65A1C4EE91400D8A7C2 /* CurrencyRate.swift */,
				45E67EDE1C58EB0500806929 /* FavoriteNews+CoreDataProperties.swift */,
				45E67EDF1C58EB0500806929 /* FavoriteNews.swift */,
				4524C0AB1C67C5D00027046F /* FavoriteProduct+CoreDataProperties.swift */,
				4524C0AC1C67C5D00027046F /* FavoriteProduct.swift */,
				457777801BFCB60100805D79 /* News+CoreDataProperties.swift */,
				457777811BFCB60100805D79 /* News.swift */,
				0D28BD781C5198C1008CCF80 /* Product+CoreDataProperties.swift */,
				45016E561C14EC25004034BC /* Product.swift */,
				4525C0F51C5B8B4200C26992 /* Region+CoreDataProperties.swift */,
				4525C0F61C5B8B4200C26992 /* Region.swift */,
				4525C0F31C5B8B4200C26992 /* Store+CoreDataProperties.swift */,
				4525C0F41C5B8B4200C26992 /* Store.swift */,
				454ECE991C567AE5003A0E94 /* User+CoreDataProperties.swift */,
				454ECE9A1C567AE5003A0E94 /* User.swift */,
			);
			path = Models;
			sourceTree = "<group>";
		};
		457777921BFCE97D00805D79 /* CustomUI */ = {
			isa = PBXGroup;
			children = (
				456BCABD1C5D1AD200590295 /* ClusterAnnotationView.swift */,
				4590F8C91C52A1AA00329ECA /* TableViewCells.swift */,
				4590F8CD1C52A60300329ECA /* TableViewCellCenterTitle.xib */,
				4590F8CF1C52A60E00329ECA /* TableViewCellIconTitle.xib */,
				45ADAB461C6517120040E570 /* TableViewCellIconTitleContent.xib */,
				45B8233A1C56B8DD0034DA98 /* TableViewCellLeftTitle.xib */,
				45B8233B1C56B8DD0034DA98 /* TableViewCellLeftTitleRightDetail.xib */,
				4590F8CB1C52A34F00329ECA /* TableViewCellSectionHeader.xib */,
				45B8233E1C56C9260034DA98 /* TableViewCellTextField.xib */,
				455D06A51C0388C700D81ABF /* Themes.swift */,
				4534D54A1C230A8E00F4DDA5 /* TextFields.swift */,
			);
			path = CustomUI;
			sourceTree = "<group>";
		};
		45CFA5971C2B1585007D38F3 /* Products */ = {
			isa = PBXGroup;
			children = (
				45CFA59A1C2B1585007D38F3 /* ProductsViewController.storyboard */,
				45CFA5981C2B1585007D38F3 /* BrandsViewController.swift */,
				45CFA5991C2B1585007D38F3 /* BrandViewController.swift */,
				45D9B36A1C39AE2200D7E899 /* ProductsViewController.swift */,
				45D9B36C1C39B3F600D7E899 /* ProductViewController.swift */,
				45AE9B481C47C4150081ECBA /* ProductPricesViewController.swift */,
				45AE9B4A1C47C4310081ECBA /* ProductDescriptionsViewController.swift */,
				456BCABB1C5D0ADD00590295 /* StoreMapViewController.swift */,
				45B77BE51C78CBCC002FBAFE /* StoreMapSearchResultsViewController.swift */,
			);
			path = Products;
			sourceTree = "<group>";
		};
		45E7CE021BF8C05F00FAB7D6 = {
			isa = PBXGroup;
			children = (
				4568E28E1BF90797009A6164 /* Resources */,
				4568E2901BF90797009A6164 /* Sources */,
				4568E29C1BF90797009A6164 /* Supporting Files */,
				45E7CE0C1BF8C05F00FAB7D6 /* Products */,
				9D105B54E51AA7203AC88C1D /* Pods */,
				7D6D7E1DE178B710CB3184C9 /* Frameworks */,
			);
			sourceTree = "<group>";
		};
		45E7CE0C1BF8C05F00FAB7D6 /* Products */ = {
			isa = PBXGroup;
			children = (
				45E7CE0B1BF8C05F00FAB7D6 /* Soyou.app */,
			);
			name = Products;
			sourceTree = "<group>";
		};
		7D6D7E1DE178B710CB3184C9 /* Frameworks */ = {
			isa = PBXGroup;
			children = (
				4537F06F1C945EC2002AF33E /* AddressBook.framework */,
				456BCAC11C6018D600590295 /* SafariServices.framework */,
				456BCABF1C60117900590295 /* Contacts.framework */,
				456B419B1C5AD155001E66EB /* MessageUI.framework */,
				456FC8B51C5A5885003D0DF6 /* StoreKit.framework */,
				45EE7A8B1C3AE09D00CC554D /* CoreLocation.framework */,
				45EE7A891C3A98D700CC554D /* MapKit.framework */,
				0D1DF0841C1DCF6900574D98 /* libc++.tbd */,
				0D1DF0821C1DCF5600574D98 /* libsqlite3.0.tbd */,
				0D1DF0801C1DCF4800574D98 /* libz.tbd */,
				0D1DF07E1C1DCF3C00574D98 /* SystemConfiguration.framework */,
				0D1DF07C1C1DCDD400574D98 /* libc++.1.dylib */,
				0D1DF07A1C1DCA8800574D98 /* CoreTelephony.framework */,
				7718A3E5C95753364344DC22 /* Pods.framework */,
			);
			name = Frameworks;
			sourceTree = "<group>";
		};
		9D105B54E51AA7203AC88C1D /* Pods */ = {
			isa = PBXGroup;
			children = (
				07366AF0A57023FAF6EDEF95 /* Pods.debug.xcconfig */,
				7458EDDD88FC6BECB47245DE /* Pods.release.xcconfig */,
			);
			name = Pods;
			sourceTree = "<group>";
		};
/* End PBXGroup section */

/* Begin PBXNativeTarget section */
		45E7CE0A1BF8C05F00FAB7D6 /* Soyou */ = {
			isa = PBXNativeTarget;
			buildConfigurationList = 45E7CE361BF8C05F00FAB7D6 /* Build configuration list for PBXNativeTarget "Soyou" */;
			buildPhases = (
				EF63E7239B26381139289D4D /* Check Pods Manifest.lock */,
				45E7CE071BF8C05F00FAB7D6 /* Sources */,
				45E7CE081BF8C05F00FAB7D6 /* Frameworks */,
				45E7CE091BF8C05F00FAB7D6 /* Resources */,
				ADB037464555006649303388 /* Embed Pods Frameworks */,
				64F38153BB338306A7FF94EB /* Copy Pods Resources */,
				4570A5831C43DDA1004274DE /* Copy Bundle Resource For IDMPhotoBrowser */,
				45BED0921C8A66E7002E375B /* Update CFBundleVersion */,
				456123731C8F12C5008BEA82 /* Show warnings for TODO:FIXME: */,
				45D5BAF41C96BEF600BA30D3 /* ShellScript */,
			);
			buildRules = (
			);
			dependencies = (
			);
			name = Soyou;
			productName = Soyou;
			productReference = 45E7CE0B1BF8C05F00FAB7D6 /* Soyou.app */;
			productType = "com.apple.product-type.application";
		};
/* End PBXNativeTarget section */

/* Begin PBXProject section */
		45E7CE031BF8C05F00FAB7D6 /* Project object */ = {
			isa = PBXProject;
			attributes = {
				LastSwiftUpdateCheck = 0710;
				LastUpgradeCheck = 0710;
				ORGANIZATIONNAME = Soyou;
				TargetAttributes = {
					45E7CE0A1BF8C05F00FAB7D6 = {
						CreatedOnToolsVersion = 7.1.1;
						DevelopmentTeam = 2H429X3TEM;
						SystemCapabilities = {
							com.apple.Push = {
								enabled = 1;
							};
						};
					};
				};
			};
			buildConfigurationList = 45E7CE061BF8C05F00FAB7D6 /* Build configuration list for PBXProject "Soyou" */;
			compatibilityVersion = "Xcode 3.2";
			developmentRegion = English;
			hasScannedForEncodings = 0;
			knownRegions = (
				en,
				"zh-Hans",
			);
			mainGroup = 45E7CE021BF8C05F00FAB7D6;
			productRefGroup = 45E7CE0C1BF8C05F00FAB7D6 /* Products */;
			projectDirPath = "";
			projectRoot = "";
			targets = (
				45E7CE0A1BF8C05F00FAB7D6 /* Soyou */,
			);
		};
/* End PBXProject section */

/* Begin PBXResourcesBuildPhase section */
		45E7CE091BF8C05F00FAB7D6 /* Resources */ = {
			isa = PBXResourcesBuildPhase;
			buildActionMask = 2147483647;
			files = (
				45ADAB471C6517120040E570 /* TableViewCellIconTitleContent.xib in Resources */,
				457777911BFCE4AC00805D79 /* NewsViewController.storyboard in Resources */,
				4590F8D01C52A60E00329ECA /* TableViewCellIconTitle.xib in Resources */,
				0D05D6551C484B7D00D8A7C2 /* productDescription.html in Resources */,
				4590F8CC1C52A34F00329ECA /* TableViewCellSectionHeader.xib in Resources */,
				455D06A91C0391A600D81ABF /* InfoPlist.strings in Resources */,
				45B8233F1C56C9260034DA98 /* TableViewCellTextField.xib in Resources */,
				45DAF6751BFA4DC1007355C8 /* LaunchScreen.storyboard in Resources */,
				457777881BFCE15700805D79 /* Localizable.strings in Resources */,
				45A4D8321C08CD200000309C /* news.css in Resources */,
				456478F81C6E095C00798EB2 /* 1Password.xcassets in Resources */,
				0D05D6571C485A1900D8A7C2 /* productDescription.css in Resources */,
				45CFA59D1C2B1585007D38F3 /* ProductsViewController.storyboard in Resources */,
				4555BBAC1BFFEEB500A01B41 /* server.cer in Resources */,
				45B8233C1C56B8DD0034DA98 /* TableViewCellLeftTitle.xib in Resources */,
				45A4D8331C08CD200000309C /* news.html in Resources */,
				4549F3E21C25BF0900EAA1DB /* UserViewController.storyboard in Resources */,
				4568E2A21BF90797009A6164 /* Assets.xcassets in Resources */,
				45B8233D1C56B8DD0034DA98 /* TableViewCellLeftTitleRightDetail.xib in Resources */,
				4590F8CE1C52A60300329ECA /* TableViewCellCenterTitle.xib in Resources */,
			);
			runOnlyForDeploymentPostprocessing = 0;
		};
/* End PBXResourcesBuildPhase section */

/* Begin PBXShellScriptBuildPhase section */
		456123731C8F12C5008BEA82 /* Show warnings for TODO:FIXME: */ = {
			isa = PBXShellScriptBuildPhase;
			buildActionMask = 2147483647;
			files = (
			);
			inputPaths = (
			);
			name = "Show warnings for TODO:FIXME:";
			outputPaths = (
			);
			runOnlyForDeploymentPostprocessing = 0;
			shellPath = /bin/sh;
			shellScript = "TAGS=\"TODO:|FIXME:\"\nERRORTAG=\"ERROR:\"\nfind \"${SRCROOT}\" \\( -name \"*.h\" -or -name \"*.m\" -or -name \"*.swift\" \\) -print0 | xargs -0 egrep --with-filename --line-number --only-matching \"($TAGS).*\\$|($ERRORTAG).*\\$\" | perl -p -e \"s/($TAGS)/ warning: \\$1/\" | perl -p -e \"s/($ERRORTAG)/ error: \\$1/\"";
		};
		45BED0921C8A66E7002E375B /* Update CFBundleVersion */ = {
			isa = PBXShellScriptBuildPhase;
			buildActionMask = 2147483647;
			files = (
			);
			inputPaths = (
			);
			name = "Update CFBundleVersion";
			outputPaths = (
			);
			runOnlyForDeploymentPostprocessing = 0;
			shellPath = /bin/sh;
			shellScript = "buildNumber=$(git rev-list HEAD | wc -l | tr -d ' ')\n/usr/libexec/PlistBuddy -c \"Set :CFBundleVersion $buildNumber\" \"${PROJECT_DIR}/${INFOPLIST_FILE}\"";
		};
		45D5BAF41C96BEF600BA30D3 /* ShellScript */ = {
			isa = PBXShellScriptBuildPhase;
			buildActionMask = 2147483647;
			files = (
			);
			inputPaths = (
			);
			outputPaths = (
			);
			runOnlyForDeploymentPostprocessing = 0;
			shellPath = /bin/sh;
			shellScript = "\"${PODS_ROOT}/Fabric/run\" bb9a1b614552f237cf9c6f497919f19c12708541 395376f978f23154d811845547095d84ab7394c223a939fbc83894972fc8a484 ";
		};
		64F38153BB338306A7FF94EB /* Copy Pods Resources */ = {
			isa = PBXShellScriptBuildPhase;
			buildActionMask = 2147483647;
			files = (
			);
			inputPaths = (
			);
			name = "Copy Pods Resources";
			outputPaths = (
			);
			runOnlyForDeploymentPostprocessing = 0;
			shellPath = /bin/sh;
			shellScript = "\"${SRCROOT}/Pods/Target Support Files/Pods/Pods-resources.sh\"\n";
			showEnvVarsInLog = 0;
		};
		ADB037464555006649303388 /* Embed Pods Frameworks */ = {
			isa = PBXShellScriptBuildPhase;
			buildActionMask = 2147483647;
			files = (
			);
			inputPaths = (
			);
			name = "Embed Pods Frameworks";
			outputPaths = (
			);
			runOnlyForDeploymentPostprocessing = 0;
			shellPath = /bin/sh;
			shellScript = "\"${SRCROOT}/Pods/Target Support Files/Pods/Pods-frameworks.sh\"\n";
			showEnvVarsInLog = 0;
		};
		EF63E7239B26381139289D4D /* Check Pods Manifest.lock */ = {
			isa = PBXShellScriptBuildPhase;
			buildActionMask = 2147483647;
			files = (
			);
			inputPaths = (
			);
			name = "Check Pods Manifest.lock";
			outputPaths = (
			);
			runOnlyForDeploymentPostprocessing = 0;
			shellPath = /bin/sh;
			shellScript = "diff \"${PODS_ROOT}/../Podfile.lock\" \"${PODS_ROOT}/Manifest.lock\" > /dev/null\nif [[ $? != 0 ]] ; then\n    cat << EOM\nerror: The sandbox is not in sync with the Podfile.lock. Run 'pod install' or update your CocoaPods installation.\nEOM\n    exit 1\nfi\n";
			showEnvVarsInLog = 0;
		};
/* End PBXShellScriptBuildPhase section */

/* Begin PBXSourcesBuildPhase section */
		45E7CE071BF8C05F00FAB7D6 /* Sources */ = {
			isa = PBXSourcesBuildPhase;
			buildActionMask = 2147483647;
			files = (
				45C3AA511C6C99AA00BA7CDE /* IntroViewController.swift in Sources */,
				45016E581C14EC25004034BC /* Product.swift in Sources */,
				45CD72CD1C189AC6004583FC /* UIToolbar+Additions.swift in Sources */,
				4525C0FA1C5B8B4200C26992 /* Region.swift in Sources */,
				4568E2FC1BF938C9009A6164 /* FileManager.swift in Sources */,
				4568E2A31BF90797009A6164 /* AppDelegate.swift in Sources */,
				454499261C6601350075DE82 /* AppData+CoreDataProperties.swift in Sources */,
				4568E2F61BF92182009A6164 /* BaseViewControllers.swift in Sources */,
				4568E2A71BF90797009A6164 /* NewsViewController.swift in Sources */,
				456B41991C597F83001E66EB /* BaseNews+CoreDataProperties.swift in Sources */,
				4534D54B1C230A8E00F4DDA5 /* TextFields.swift in Sources */,
				45CD72CB1C189894004583FC /* UITabBar+Additions.swift in Sources */,
				45E67EE01C58EB0500806929 /* FavoriteNews+CoreDataProperties.swift in Sources */,
				457777821BFCB60100805D79 /* News+CoreDataProperties.swift in Sources */,
				456BCABE1C5D1AD200590295 /* ClusterAnnotationView.swift in Sources */,
				0D783C7A1C3B1F04001CC36D /* Analytic+CoreDataProperties.swift in Sources */,
				45CFA59C1C2B1585007D38F3 /* BrandViewController.swift in Sources */,
				45B77BE61C78CBCC002FBAFE /* StoreMapSearchResultsViewController.swift in Sources */,
				4525C0F81C5B8B4200C26992 /* Store.swift in Sources */,
				4549F3E61C25DF4000EAA1DB /* FavoritesViewController.swift in Sources */,
				4526D59A1BFF5BEE00DBFA4B /* NSDate+Additions.swift in Sources */,
				0D783C7C1C3B2098001CC36D /* Utils.swift in Sources */,
				0D28BD721C51749E008CCF80 /* CurrencyManager.swift in Sources */,
				45D418AC1C1B935200685DFC /* Brand+CoreDataProperties.swift in Sources */,
				45BED0911C8A3DDF002E375B /* DataManager.swift in Sources */,
				457D1EB81BFBDE9700D451D0 /* RequestManager.swift in Sources */,
				456B419A1C597F83001E66EB /* BaseNews.swift in Sources */,
				4524C0AE1C67C5D00027046F /* FavoriteProduct.swift in Sources */,
				4590F8C81C5280C800329ECA /* SimpleTableViewController.swift in Sources */,
				0D05D65D1C4EECD200D8A7C2 /* CurrencyRate+CoreDataProperties.swift in Sources */,
				45243C691C17A514005D476D /* UIViewController+Additions.swift in Sources */,
				45034D141C29954D00026027 /* WeChatMomentsActivity.swift in Sources */,
				455D06A61C0388C700D81ABF /* Themes.swift in Sources */,
				45640AF41C51A934009984EC /* ProfileViewController.swift in Sources */,
				4525C0F91C5B8B4200C26992 /* Region+CoreDataProperties.swift in Sources */,
				4590F8CA1C52A1AA00329ECA /* TableViewCells.swift in Sources */,
				45E775B41C04828B00FCCCDE /* NewsDetailViewController.swift in Sources */,
				0D28BD791C5198C1008CCF80 /* Product+CoreDataProperties.swift in Sources */,
				45034D151C29954D00026027 /* WeChatSessionActivity.swift in Sources */,
				454499271C6601350075DE82 /* AppData.swift in Sources */,
				45AE9B4B1C47C4310081ECBA /* ProductDescriptionsViewController.swift in Sources */,
				456BCABC1C5D0ADD00590295 /* StoreMapViewController.swift in Sources */,
				455D06B01C0394E200D81ABF /* SettingsViewController.swift in Sources */,
				4506ED711C221797003B5018 /* LoginViewController.swift in Sources */,
				454ECE9C1C567AE5003A0E94 /* User.swift in Sources */,
				459B33FA1C2899CF00C36181 /* AFNetworking+Additions.swift in Sources */,
				452799AB1C5F743400EF6E23 /* IDMPhotoBrowser+Additions.swift in Sources */,
				45D9B36D1C39B3F600D7E899 /* ProductViewController.swift in Sources */,
				45CFA59B1C2B1585007D38F3 /* BrandsViewController.swift in Sources */,
				4524C0AD1C67C5D00027046F /* FavoriteProduct+CoreDataProperties.swift in Sources */,
				4534D5491C22FA7A00F4DDA5 /* UIView+Additions.swift in Sources */,
				0D783C781C3B1DAF001CC36D /* Analytic.swift in Sources */,
				457D1EBA1BFBE00F00D451D0 /* HTTPRequestOperationManager.swift in Sources */,
				45D9B36B1C39AE2200D7E899 /* ProductsViewController.swift in Sources */,
				455D06B41C03950300D81ABF /* UserViewController.swift in Sources */,
				45034D131C29954D00026027 /* WeChatActivityGeneral.swift in Sources */,
				45016E5A1C14F043004034BC /* BaseModel.swift in Sources */,
				4568E2A61BF90797009A6164 /* Soyou.xcdatamodeld in Sources */,
				45D418AD1C1B935200685DFC /* Brand.swift in Sources */,
				457777831BFCB60100805D79 /* News.swift in Sources */,
				45B77F0A1C05A77B002E3385 /* UserManager.swift in Sources */,
				0D05D65B1C4EE91400D8A7C2 /* CurrencyRate.swift in Sources */,
				45B77BE81C792B54002FBAFE /* MKPlacemark+Additions.swift in Sources */,
				454ECE9B1C567AE5003A0E94 /* User+CoreDataProperties.swift in Sources */,
				45E67EE11C58EB0500806929 /* FavoriteNews.swift in Sources */,
				457D1EBC1BFBE0BB00D451D0 /* Constants.swift in Sources */,
				454C2F6A1C26B88900C00C52 /* MBProgressHUD+Additions.swift in Sources */,
				4534D54D1C230EC600F4DDA5 /* String+Additions.swift in Sources */,
				4525C0F71C5B8B4200C26992 /* Store+CoreDataProperties.swift in Sources */,
				45034D121C29954D00026027 /* SharingProvider.swift in Sources */,
				45AE9B491C47C4150081ECBA /* ProductPricesViewController.swift in Sources */,
			);
			runOnlyForDeploymentPostprocessing = 0;
		};
/* End PBXSourcesBuildPhase section */

/* Begin PBXVariantGroup section */
		455D06AB1C0391A600D81ABF /* InfoPlist.strings */ = {
			isa = PBXVariantGroup;
			children = (
				455D06AA1C0391A600D81ABF /* en */,
				455D06AC1C0391A700D81ABF /* zh-Hans */,
			);
			name = InfoPlist.strings;
			sourceTree = "<group>";
		};
		4577778A1BFCE15700805D79 /* Localizable.strings */ = {
			isa = PBXVariantGroup;
			children = (
				4577778B1BFCE15900805D79 /* en */,
				4577778C1BFCE15A00805D79 /* zh-Hans */,
			);
			name = Localizable.strings;
			sourceTree = "<group>";
		};
/* End PBXVariantGroup section */

/* Begin XCBuildConfiguration section */
		45E7CE341BF8C05F00FAB7D6 /* Debug */ = {
			isa = XCBuildConfiguration;
			buildSettings = {
				ALWAYS_SEARCH_USER_PATHS = NO;
				CLANG_CXX_LANGUAGE_STANDARD = "gnu++0x";
				CLANG_CXX_LIBRARY = "libc++";
				CLANG_ENABLE_MODULES = YES;
				CLANG_ENABLE_OBJC_ARC = YES;
				CLANG_WARN_BOOL_CONVERSION = YES;
				CLANG_WARN_CONSTANT_CONVERSION = YES;
				CLANG_WARN_DIRECT_OBJC_ISA_USAGE = YES_ERROR;
				CLANG_WARN_EMPTY_BODY = YES;
				CLANG_WARN_ENUM_CONVERSION = YES;
				CLANG_WARN_INT_CONVERSION = YES;
				CLANG_WARN_OBJC_ROOT_CLASS = YES_ERROR;
				CLANG_WARN_UNREACHABLE_CODE = YES;
				CLANG_WARN__DUPLICATE_METHOD_MATCH = YES;
				CODE_SIGN_IDENTITY = "iPhone Developer";
				COPY_PHASE_STRIP = NO;
				DEBUG_INFORMATION_FORMAT = dwarf;
				ENABLE_STRICT_OBJC_MSGSEND = YES;
				ENABLE_TESTABILITY = YES;
				GCC_C_LANGUAGE_STANDARD = gnu99;
				GCC_DYNAMIC_NO_PIC = NO;
				GCC_NO_COMMON_BLOCKS = YES;
				GCC_OPTIMIZATION_LEVEL = 0;
				GCC_PREPROCESSOR_DEFINITIONS = (
					"DEBUG=1",
					"$(inherited)",
				);
				GCC_WARN_64_TO_32_BIT_CONVERSION = YES;
				GCC_WARN_ABOUT_RETURN_TYPE = YES_ERROR;
				GCC_WARN_UNDECLARED_SELECTOR = YES;
				GCC_WARN_UNINITIALIZED_AUTOS = YES_AGGRESSIVE;
				GCC_WARN_UNUSED_FUNCTION = YES;
				GCC_WARN_UNUSED_VARIABLE = YES;
				IPHONEOS_DEPLOYMENT_TARGET = 8.0;
				MTL_ENABLE_DEBUG_INFO = YES;
				ONLY_ACTIVE_ARCH = YES;
				OTHER_SWIFT_FLAGS = "-D DEBUG";
				SDKROOT = iphoneos;
				SWIFT_OPTIMIZATION_LEVEL = "-Onone";
				TARGETED_DEVICE_FAMILY = "1,2";
			};
			name = Debug;
		};
		45E7CE351BF8C05F00FAB7D6 /* Release */ = {
			isa = XCBuildConfiguration;
			buildSettings = {
				ALWAYS_SEARCH_USER_PATHS = NO;
				CLANG_CXX_LANGUAGE_STANDARD = "gnu++0x";
				CLANG_CXX_LIBRARY = "libc++";
				CLANG_ENABLE_MODULES = YES;
				CLANG_ENABLE_OBJC_ARC = YES;
				CLANG_WARN_BOOL_CONVERSION = YES;
				CLANG_WARN_CONSTANT_CONVERSION = YES;
				CLANG_WARN_DIRECT_OBJC_ISA_USAGE = YES_ERROR;
				CLANG_WARN_EMPTY_BODY = YES;
				CLANG_WARN_ENUM_CONVERSION = YES;
				CLANG_WARN_INT_CONVERSION = YES;
				CLANG_WARN_OBJC_ROOT_CLASS = YES_ERROR;
				CLANG_WARN_UNREACHABLE_CODE = YES;
				CLANG_WARN__DUPLICATE_METHOD_MATCH = YES;
				CODE_SIGN_IDENTITY = "iPhone Distribution";
				COPY_PHASE_STRIP = NO;
				DEBUG_INFORMATION_FORMAT = "dwarf-with-dsym";
				ENABLE_NS_ASSERTIONS = NO;
				ENABLE_STRICT_OBJC_MSGSEND = YES;
				GCC_C_LANGUAGE_STANDARD = gnu99;
				GCC_NO_COMMON_BLOCKS = YES;
				GCC_WARN_64_TO_32_BIT_CONVERSION = YES;
				GCC_WARN_ABOUT_RETURN_TYPE = YES_ERROR;
				GCC_WARN_UNDECLARED_SELECTOR = YES;
				GCC_WARN_UNINITIALIZED_AUTOS = YES_AGGRESSIVE;
				GCC_WARN_UNUSED_FUNCTION = YES;
				GCC_WARN_UNUSED_VARIABLE = YES;
				IPHONEOS_DEPLOYMENT_TARGET = 8.0;
				MTL_ENABLE_DEBUG_INFO = NO;
				OTHER_SWIFT_FLAGS = "";
				SDKROOT = iphoneos;
				TARGETED_DEVICE_FAMILY = "1,2";
				VALIDATE_PRODUCT = YES;
			};
			name = Release;
		};
		45E7CE371BF8C05F00FAB7D6 /* Debug */ = {
			isa = XCBuildConfiguration;
			baseConfigurationReference = 07366AF0A57023FAF6EDEF95 /* Pods.debug.xcconfig */;
			buildSettings = {
				ASSETCATALOG_COMPILER_APPICON_NAME = AppIcon;
				CLANG_ENABLE_MODULES = YES;
				ENABLE_BITCODE = YES;
				INFOPLIST_FILE = "Soyou/Supporting Files/Info.plist";
				LD_RUNPATH_SEARCH_PATHS = "$(inherited) @executable_path/Frameworks";
				PRODUCT_BUNDLE_IDENTIFIER = "io.woniu.baodating-cjs";
				PRODUCT_NAME = "$(TARGET_NAME)";
				SWIFT_OBJC_BRIDGING_HEADER = "Soyou/Supporting Files/Soyou-Bridging-Header.h";
				SWIFT_OPTIMIZATION_LEVEL = "-Onone";
				TARGETED_DEVICE_FAMILY = 1;
			};
			name = Debug;
		};
		45E7CE381BF8C05F00FAB7D6 /* Release */ = {
			isa = XCBuildConfiguration;
			baseConfigurationReference = 7458EDDD88FC6BECB47245DE /* Pods.release.xcconfig */;
			buildSettings = {
				ASSETCATALOG_COMPILER_APPICON_NAME = AppIcon;
				CLANG_ENABLE_MODULES = YES;
				ENABLE_BITCODE = YES;
				INFOPLIST_FILE = "Soyou/Supporting Files/Info.plist";
				LD_RUNPATH_SEARCH_PATHS = "$(inherited) @executable_path/Frameworks";
				PRODUCT_BUNDLE_IDENTIFIER = "io.woniu.baodating-cjs";
				PRODUCT_NAME = "$(TARGET_NAME)";
				SWIFT_OBJC_BRIDGING_HEADER = "Soyou/Supporting Files/Soyou-Bridging-Header.h";
				TARGETED_DEVICE_FAMILY = 1;
			};
			name = Release;
		};
/* End XCBuildConfiguration section */

/* Begin XCConfigurationList section */
		45E7CE061BF8C05F00FAB7D6 /* Build configuration list for PBXProject "Soyou" */ = {
			isa = XCConfigurationList;
			buildConfigurations = (
				45E7CE341BF8C05F00FAB7D6 /* Debug */,
				45E7CE351BF8C05F00FAB7D6 /* Release */,
			);
			defaultConfigurationIsVisible = 0;
			defaultConfigurationName = Release;
		};
		45E7CE361BF8C05F00FAB7D6 /* Build configuration list for PBXNativeTarget "Soyou" */ = {
			isa = XCConfigurationList;
			buildConfigurations = (
				45E7CE371BF8C05F00FAB7D6 /* Debug */,
				45E7CE381BF8C05F00FAB7D6 /* Release */,
			);
			defaultConfigurationIsVisible = 0;
			defaultConfigurationName = Release;
		};
/* End XCConfigurationList section */

/* Begin XCVersionGroup section */
		4568E2971BF90797009A6164 /* Soyou.xcdatamodeld */ = {
			isa = XCVersionGroup;
			children = (
				4568E2981BF90797009A6164 /* Soyou.xcdatamodel */,
			);
			currentVersion = 4568E2981BF90797009A6164 /* Soyou.xcdatamodel */;
			path = Soyou.xcdatamodeld;
			sourceTree = "<group>";
			versionGroupType = wrapper.xcdatamodel;
		};
/* End XCVersionGroup section */
	};
	rootObject = 45E7CE031BF8C05F00FAB7D6 /* Project object */;
}
